// !$*UTF8*$!
{
	archiveVersion = 1;
	classes = {
	};
	objectVersion = 48;
	objects = {

/* Begin PBXBuildFile section */
		2720BB6E1FCD8E49005EE7CE /* defaultImage.png in Resources */ = {isa = PBXBuildFile; fileRef = 2720BB6D1FCD8E49005EE7CE /* defaultImage.png */; };
		2720BB711FCDA1CD005EE7CE /* MediaImageView.m in Sources */ = {isa = PBXBuildFile; fileRef = 2720BB701FCDA1CD005EE7CE /* MediaImageView.m */; };
		2720BB741FCDA297005EE7CE /* MediaCacheView.m in Sources */ = {isa = PBXBuildFile; fileRef = 2720BB731FCDA297005EE7CE /* MediaCacheView.m */; };
		2740BA0F1FCAED620000C2BC /* MediaButton.m in Sources */ = {isa = PBXBuildFile; fileRef = 2740BA0E1FCAED620000C2BC /* MediaButton.m */; };
		274ED6C11FC8FDE400DB7B1E /* DataDownloadManager.m in Sources */ = {isa = PBXBuildFile; fileRef = 274ED6C01FC8FDE400DB7B1E /* DataDownloadManager.m */; };
		274ED6C41FC900AE00DB7B1E /* DataDownloadModel.m in Sources */ = {isa = PBXBuildFile; fileRef = 274ED6C31FC900AE00DB7B1E /* DataDownloadModel.m */; };
		274ED6C81FC9025100DB7B1E /* DataDownloadProgress.m in Sources */ = {isa = PBXBuildFile; fileRef = 274ED6C71FC9025100DB7B1E /* DataDownloadProgress.m */; };
		275E258D1FDA560E00A1FBEA /* MediaVersionManager.m in Sources */ = {isa = PBXBuildFile; fileRef = 275E258C1FDA560E00A1FBEA /* MediaVersionManager.m */; };
		2760DDDD1FCF8AB60013DD7E /* MediaLocalized.m in Sources */ = {isa = PBXBuildFile; fileRef = 2760DDDC1FCF8AB60013DD7E /* MediaLocalized.m */; };
		2760DDE01FCF8CAB0013DD7E /* MediaCSVParser.m in Sources */ = {isa = PBXBuildFile; fileRef = 2760DDDF1FCF8CAB0013DD7E /* MediaCSVParser.m */; };
		27862A4B1FCE4D0E00DA022F /* MediaGIFImageView.m in Sources */ = {isa = PBXBuildFile; fileRef = 27862A4A1FCE4D0E00DA022F /* MediaGIFImageView.m */; };
		27862A4F1FCE58DB00DA022F /* MediaSourceCache.m in Sources */ = {isa = PBXBuildFile; fileRef = 27862A4E1FCE58DB00DA022F /* MediaSourceCache.m */; };
		27B8D2311FC3A62900CCF9C9 /* AppDelegate.m in Sources */ = {isa = PBXBuildFile; fileRef = 27B8D2301FC3A62900CCF9C9 /* AppDelegate.m */; };
		27B8D2341FC3A62900CCF9C9 /* ViewController.m in Sources */ = {isa = PBXBuildFile; fileRef = 27B8D2331FC3A62900CCF9C9 /* ViewController.m */; };
		27B8D2371FC3A62900CCF9C9 /* Main.storyboard in Resources */ = {isa = PBXBuildFile; fileRef = 27B8D2351FC3A62900CCF9C9 /* Main.storyboard */; };
		27B8D2391FC3A62900CCF9C9 /* Assets.xcassets in Resources */ = {isa = PBXBuildFile; fileRef = 27B8D2381FC3A62900CCF9C9 /* Assets.xcassets */; };
		27B8D23C1FC3A62900CCF9C9 /* LaunchScreen.storyboard in Resources */ = {isa = PBXBuildFile; fileRef = 27B8D23A1FC3A62900CCF9C9 /* LaunchScreen.storyboard */; };
		27B8D23F1FC3A62900CCF9C9 /* main.m in Sources */ = {isa = PBXBuildFile; fileRef = 27B8D23E1FC3A62900CCF9C9 /* main.m */; };
		27B8D2491FC3A62900CCF9C9 /* MediaFacotryTests.m in Sources */ = {isa = PBXBuildFile; fileRef = 27B8D2481FC3A62900CCF9C9 /* MediaFacotryTests.m */; };
		27B8D2541FC3A62900CCF9C9 /* MediaFacotryUITests.m in Sources */ = {isa = PBXBuildFile; fileRef = 27B8D2531FC3A62900CCF9C9 /* MediaFacotryUITests.m */; };
		27B8D2681FC3ACE200CCF9C9 /* MediaFactory.m in Sources */ = {isa = PBXBuildFile; fileRef = 27B8D2671FC3ACE200CCF9C9 /* MediaFactory.m */; };
		27B8D26E1FC3B05F00CCF9C9 /* MediaExtension.m in Sources */ = {isa = PBXBuildFile; fileRef = 27B8D26D1FC3B05F00CCF9C9 /* MediaExtension.m */; };
		27CB9F991FD3AF69009FF60F /* MediaShiningLabel.m in Sources */ = {isa = PBXBuildFile; fileRef = 27CB9F981FD3AF68009FF60F /* MediaShiningLabel.m */; };
		27CB9FC81FD3B0A8009FF60F /* ToastUtils.m in Sources */ = {isa = PBXBuildFile; fileRef = 27CB9F9D1FD3B0A5009FF60F /* ToastUtils.m */; };
		27CB9FC91FD3B0A8009FF60F /* MediaProgressHUD.m in Sources */ = {isa = PBXBuildFile; fileRef = 27CB9F9F1FD3B0A5009FF60F /* MediaProgressHUD.m */; };
		27CB9FCA1FD3B0A8009FF60F /* NSBundle+MediaPhotoBrowser.m in Sources */ = {isa = PBXBuildFile; fileRef = 27CB9FA21FD3B0A5009FF60F /* NSBundle+MediaPhotoBrowser.m */; };
		27CB9FCB1FD3B0A8009FF60F /* MediaEditImageController.m in Sources */ = {isa = PBXBuildFile; fileRef = 27CB9FA51FD3B0A5009FF60F /* MediaEditImageController.m */; };
		27CB9FCC1FD3B0A8009FF60F /* MediaForceTouchPreviewController.m in Sources */ = {isa = PBXBuildFile; fileRef = 27CB9FA61FD3B0A5009FF60F /* MediaForceTouchPreviewController.m */; };
		27CB9FCD1FD3B0A8009FF60F /* MediaPhotoModel.m in Sources */ = {isa = PBXBuildFile; fileRef = 27CB9FA91FD3B0A5009FF60F /* MediaPhotoModel.m */; };
		27CB9FCE1FD3B0A8009FF60F /* MediaPlayer.m in Sources */ = {isa = PBXBuildFile; fileRef = 27CB9FAA1FD3B0A6009FF60F /* MediaPlayer.m */; };
		27CB9FCF1FD3B0A8009FF60F /* MediaEditVideoController.m in Sources */ = {isa = PBXBuildFile; fileRef = 27CB9FAB1FD3B0A6009FF60F /* MediaEditVideoController.m */; };
		27CB9FD01FD3B0A8009FF60F /* MediaPhotoBrowser.bundle in Resources */ = {isa = PBXBuildFile; fileRef = 27CB9FAF1FD3B0A6009FF60F /* MediaPhotoBrowser.bundle */; };
		27CB9FD11FD3B0A8009FF60F /* MediaPhotoActionSheet.xib in Resources */ = {isa = PBXBuildFile; fileRef = 27CB9FB01FD3B0A6009FF60F /* MediaPhotoActionSheet.xib */; };
		27CB9FD21FD3B0A8009FF60F /* MediaPhotoBrowserCell.xib in Resources */ = {isa = PBXBuildFile; fileRef = 27CB9FB11FD3B0A6009FF60F /* MediaPhotoBrowserCell.xib */; };
		27CB9FD31FD3B0A8009FF60F /* MediaPhotoConfiguration.m in Sources */ = {isa = PBXBuildFile; fileRef = 27CB9FB21FD3B0A6009FF60F /* MediaPhotoConfiguration.m */; };
		27CB9FD41FD3B0A8009FF60F /* MediaCustomCamera.m in Sources */ = {isa = PBXBuildFile; fileRef = 27CB9FB51FD3B0A6009FF60F /* MediaCustomCamera.m */; };
		27CB9FD51FD3B0A8009FF60F /* MediaShowBigImgViewController.m in Sources */ = {isa = PBXBuildFile; fileRef = 27CB9FB61FD3B0A6009FF60F /* MediaShowBigImgViewController.m */; };
		27CB9FD61FD3B0A8009FF60F /* MediaNoAuthorityViewController.m in Sources */ = {isa = PBXBuildFile; fileRef = 27CB9FB71FD3B0A7009FF60F /* MediaNoAuthorityViewController.m */; };
		27CB9FD71FD3B0A8009FF60F /* MediaPhotoBrowser.m in Sources */ = {isa = PBXBuildFile; fileRef = 27CB9FB81FD3B0A7009FF60F /* MediaPhotoBrowser.m */; };
		27CB9FD81FD3B0A8009FF60F /* MediaCollectionCell.m in Sources */ = {isa = PBXBuildFile; fileRef = 27CB9FB91FD3B0A7009FF60F /* MediaCollectionCell.m */; };
		27CB9FD91FD3B0A8009FF60F /* MediaPhotoActionSheet.m in Sources */ = {isa = PBXBuildFile; fileRef = 27CB9FBA1FD3B0A7009FF60F /* MediaPhotoActionSheet.m */; };
		27CB9FDA1FD3B0A8009FF60F /* MediaThumbnailViewController.m in Sources */ = {isa = PBXBuildFile; fileRef = 27CB9FBB1FD3B0A7009FF60F /* MediaThumbnailViewController.m */; };
		27CB9FDB1FD3B0A8009FF60F /* MediaPhotoBrowserCell.m in Sources */ = {isa = PBXBuildFile; fileRef = 27CB9FBC1FD3B0A7009FF60F /* MediaPhotoBrowserCell.m */; };
		27CB9FDC1FD3B0A8009FF60F /* MediaBigImageCell.m in Sources */ = {isa = PBXBuildFile; fileRef = 27CB9FBE1FD3B0A7009FF60F /* MediaBigImageCell.m */; };
		27CB9FDD1FD3B0A8009FF60F /* UIButton+EnlargeTouchArea.m in Sources */ = {isa = PBXBuildFile; fileRef = 27CB9FC31FD3B0A8009FF60F /* UIButton+EnlargeTouchArea.m */; };
		27CB9FDE1FD3B0A8009FF60F /* MediaPhotoManager.m in Sources */ = {isa = PBXBuildFile; fileRef = 27CB9FC71FD3B0A8009FF60F /* MediaPhotoManager.m */; };
/* End PBXBuildFile section */

/* Begin PBXContainerItemProxy section */
		27B8D2451FC3A62900CCF9C9 /* PBXContainerItemProxy */ = {
			isa = PBXContainerItemProxy;
			containerPortal = 27B8D2241FC3A62900CCF9C9 /* Project object */;
			proxyType = 1;
			remoteGlobalIDString = 27B8D22B1FC3A62900CCF9C9;
			remoteInfo = MediaFacotry;
		};
		27B8D2501FC3A62900CCF9C9 /* PBXContainerItemProxy */ = {
			isa = PBXContainerItemProxy;
			containerPortal = 27B8D2241FC3A62900CCF9C9 /* Project object */;
			proxyType = 1;
			remoteGlobalIDString = 27B8D22B1FC3A62900CCF9C9;
			remoteInfo = MediaFacotry;
		};
/* End PBXContainerItemProxy section */

/* Begin PBXFileReference section */
		2720BB6D1FCD8E49005EE7CE /* defaultImage.png */ = {isa = PBXFileReference; lastKnownFileType = image.png; path = defaultImage.png; sourceTree = "<group>"; };
		2720BB6F1FCDA1CD005EE7CE /* MediaImageView.h */ = {isa = PBXFileReference; lastKnownFileType = sourcecode.c.h; path = MediaImageView.h; sourceTree = "<group>"; };
		2720BB701FCDA1CD005EE7CE /* MediaImageView.m */ = {isa = PBXFileReference; lastKnownFileType = sourcecode.c.objc; path = MediaImageView.m; sourceTree = "<group>"; };
		2720BB721FCDA297005EE7CE /* MediaCacheView.h */ = {isa = PBXFileReference; lastKnownFileType = sourcecode.c.h; path = MediaCacheView.h; sourceTree = "<group>"; };
		2720BB731FCDA297005EE7CE /* MediaCacheView.m */ = {isa = PBXFileReference; lastKnownFileType = sourcecode.c.objc; path = MediaCacheView.m; sourceTree = "<group>"; };
		2720BB751FCDA413005EE7CE /* MediaCacheViewHeader.h */ = {isa = PBXFileReference; lastKnownFileType = sourcecode.c.h; path = MediaCacheViewHeader.h; sourceTree = "<group>"; };
		2740BA0D1FCAED620000C2BC /* MediaButton.h */ = {isa = PBXFileReference; lastKnownFileType = sourcecode.c.h; path = MediaButton.h; sourceTree = "<group>"; };
		2740BA0E1FCAED620000C2BC /* MediaButton.m */ = {isa = PBXFileReference; lastKnownFileType = sourcecode.c.objc; path = MediaButton.m; sourceTree = "<group>"; };
		274ED6BF1FC8FDE400DB7B1E /* DataDownloadManager.h */ = {isa = PBXFileReference; lastKnownFileType = sourcecode.c.h; path = DataDownloadManager.h; sourceTree = "<group>"; };
		274ED6C01FC8FDE400DB7B1E /* DataDownloadManager.m */ = {isa = PBXFileReference; lastKnownFileType = sourcecode.c.objc; path = DataDownloadManager.m; sourceTree = "<group>"; };
		274ED6C21FC900AE00DB7B1E /* DataDownloadModel.h */ = {isa = PBXFileReference; lastKnownFileType = sourcecode.c.h; path = DataDownloadModel.h; sourceTree = "<group>"; };
		274ED6C31FC900AE00DB7B1E /* DataDownloadModel.m */ = {isa = PBXFileReference; lastKnownFileType = sourcecode.c.objc; path = DataDownloadModel.m; sourceTree = "<group>"; };
		274ED6C51FC9015200DB7B1E /* DataDownloadHeader.h */ = {isa = PBXFileReference; lastKnownFileType = sourcecode.c.h; path = DataDownloadHeader.h; sourceTree = "<group>"; };
		274ED6C61FC9025100DB7B1E /* DataDownloadProgress.h */ = {isa = PBXFileReference; lastKnownFileType = sourcecode.c.h; path = DataDownloadProgress.h; sourceTree = "<group>"; };
		274ED6C71FC9025100DB7B1E /* DataDownloadProgress.m */ = {isa = PBXFileReference; lastKnownFileType = sourcecode.c.objc; path = DataDownloadProgress.m; sourceTree = "<group>"; };
		275E258B1FDA560E00A1FBEA /* MediaVersionManager.h */ = {isa = PBXFileReference; lastKnownFileType = sourcecode.c.h; path = MediaVersionManager.h; sourceTree = "<group>"; };
		275E258C1FDA560E00A1FBEA /* MediaVersionManager.m */ = {isa = PBXFileReference; lastKnownFileType = sourcecode.c.objc; path = MediaVersionManager.m; sourceTree = "<group>"; };
		2760DDDB1FCF8AB60013DD7E /* MediaLoalized.h */ = {isa = PBXFileReference; lastKnownFileType = sourcecode.c.h; path = MediaLoalized.h; sourceTree = "<group>"; };
		2760DDDC1FCF8AB60013DD7E /* MediaLocalized.m */ = {isa = PBXFileReference; lastKnownFileType = sourcecode.c.objc; path = MediaLocalized.m; sourceTree = "<group>"; };
		2760DDDE1FCF8CAB0013DD7E /* MediaCSVParser.h */ = {isa = PBXFileReference; lastKnownFileType = sourcecode.c.h; path = MediaCSVParser.h; sourceTree = "<group>"; };
		2760DDDF1FCF8CAB0013DD7E /* MediaCSVParser.m */ = {isa = PBXFileReference; lastKnownFileType = sourcecode.c.objc; path = MediaCSVParser.m; sourceTree = "<group>"; };
		27862A491FCE4D0E00DA022F /* MediaGIFImageView.h */ = {isa = PBXFileReference; lastKnownFileType = sourcecode.c.h; path = MediaGIFImageView.h; sourceTree = "<group>"; };
		27862A4A1FCE4D0E00DA022F /* MediaGIFImageView.m */ = {isa = PBXFileReference; lastKnownFileType = sourcecode.c.objc; path = MediaGIFImageView.m; sourceTree = "<group>"; };
		27862A4D1FCE58DB00DA022F /* MediaSourceCache.h */ = {isa = PBXFileReference; lastKnownFileType = sourcecode.c.h; path = MediaSourceCache.h; sourceTree = "<group>"; };
		27862A4E1FCE58DB00DA022F /* MediaSourceCache.m */ = {isa = PBXFileReference; lastKnownFileType = sourcecode.c.objc; path = MediaSourceCache.m; sourceTree = "<group>"; };
		27B8D22C1FC3A62900CCF9C9 /* MediaFacotry.app */ = {isa = PBXFileReference; explicitFileType = wrapper.application; includeInIndex = 0; path = MediaFacotry.app; sourceTree = BUILT_PRODUCTS_DIR; };
		27B8D22F1FC3A62900CCF9C9 /* AppDelegate.h */ = {isa = PBXFileReference; lastKnownFileType = sourcecode.c.h; path = AppDelegate.h; sourceTree = "<group>"; };
		27B8D2301FC3A62900CCF9C9 /* AppDelegate.m */ = {isa = PBXFileReference; lastKnownFileType = sourcecode.c.objc; path = AppDelegate.m; sourceTree = "<group>"; };
		27B8D2321FC3A62900CCF9C9 /* ViewController.h */ = {isa = PBXFileReference; lastKnownFileType = sourcecode.c.h; path = ViewController.h; sourceTree = "<group>"; };
		27B8D2331FC3A62900CCF9C9 /* ViewController.m */ = {isa = PBXFileReference; lastKnownFileType = sourcecode.c.objc; path = ViewController.m; sourceTree = "<group>"; };
		27B8D2361FC3A62900CCF9C9 /* Base */ = {isa = PBXFileReference; lastKnownFileType = file.storyboard; name = Base; path = Base.lproj/Main.storyboard; sourceTree = "<group>"; };
		27B8D2381FC3A62900CCF9C9 /* Assets.xcassets */ = {isa = PBXFileReference; lastKnownFileType = folder.assetcatalog; path = Assets.xcassets; sourceTree = "<group>"; };
		27B8D23B1FC3A62900CCF9C9 /* Base */ = {isa = PBXFileReference; lastKnownFileType = file.storyboard; name = Base; path = Base.lproj/LaunchScreen.storyboard; sourceTree = "<group>"; };
		27B8D23D1FC3A62900CCF9C9 /* Info.plist */ = {isa = PBXFileReference; lastKnownFileType = text.plist.xml; path = Info.plist; sourceTree = "<group>"; };
		27B8D23E1FC3A62900CCF9C9 /* main.m */ = {isa = PBXFileReference; lastKnownFileType = sourcecode.c.objc; path = main.m; sourceTree = "<group>"; };
		27B8D2441FC3A62900CCF9C9 /* MediaFacotryTests.xctest */ = {isa = PBXFileReference; explicitFileType = wrapper.cfbundle; includeInIndex = 0; path = MediaFacotryTests.xctest; sourceTree = BUILT_PRODUCTS_DIR; };
		27B8D2481FC3A62900CCF9C9 /* MediaFacotryTests.m */ = {isa = PBXFileReference; lastKnownFileType = sourcecode.c.objc; path = MediaFacotryTests.m; sourceTree = "<group>"; };
		27B8D24A1FC3A62900CCF9C9 /* Info.plist */ = {isa = PBXFileReference; lastKnownFileType = text.plist.xml; path = Info.plist; sourceTree = "<group>"; };
		27B8D24F1FC3A62900CCF9C9 /* MediaFacotryUITests.xctest */ = {isa = PBXFileReference; explicitFileType = wrapper.cfbundle; includeInIndex = 0; path = MediaFacotryUITests.xctest; sourceTree = BUILT_PRODUCTS_DIR; };
		27B8D2531FC3A62900CCF9C9 /* MediaFacotryUITests.m */ = {isa = PBXFileReference; lastKnownFileType = sourcecode.c.objc; path = MediaFacotryUITests.m; sourceTree = "<group>"; };
		27B8D2551FC3A62900CCF9C9 /* Info.plist */ = {isa = PBXFileReference; lastKnownFileType = text.plist.xml; path = Info.plist; sourceTree = "<group>"; };
		27B8D2661FC3ACE200CCF9C9 /* MediaFactory.h */ = {isa = PBXFileReference; lastKnownFileType = sourcecode.c.h; path = MediaFactory.h; sourceTree = "<group>"; };
		27B8D2671FC3ACE200CCF9C9 /* MediaFactory.m */ = {isa = PBXFileReference; lastKnownFileType = sourcecode.c.objc; path = MediaFactory.m; sourceTree = "<group>"; };
		27B8D26A1FC3ADC600CCF9C9 /* GlobalHeader.pch */ = {isa = PBXFileReference; lastKnownFileType = sourcecode.c.h; path = GlobalHeader.pch; sourceTree = "<group>"; };
		27B8D26C1FC3B05F00CCF9C9 /* MediaExtension.h */ = {isa = PBXFileReference; lastKnownFileType = sourcecode.c.h; path = MediaExtension.h; sourceTree = "<group>"; };
		27B8D26D1FC3B05F00CCF9C9 /* MediaExtension.m */ = {isa = PBXFileReference; lastKnownFileType = sourcecode.c.objc; path = MediaExtension.m; sourceTree = "<group>"; };
		27B8D26F1FC3B08100CCF9C9 /* CommonHeader.h */ = {isa = PBXFileReference; lastKnownFileType = sourcecode.c.h; path = CommonHeader.h; sourceTree = "<group>"; };
		27CB9F971FD3AF68009FF60F /* MediaShiningLabel.h */ = {isa = PBXFileReference; fileEncoding = 4; lastKnownFileType = sourcecode.c.h; path = MediaShiningLabel.h; sourceTree = "<group>"; };
		27CB9F981FD3AF68009FF60F /* MediaShiningLabel.m */ = {isa = PBXFileReference; fileEncoding = 4; lastKnownFileType = sourcecode.c.objc; path = MediaShiningLabel.m; sourceTree = "<group>"; };
		27CB9F9B1FD3B0A5009FF60F /* MediaPhotoManager.h */ = {isa = PBXFileReference; fileEncoding = 4; lastKnownFileType = sourcecode.c.h; path = MediaPhotoManager.h; sourceTree = "<group>"; };
		27CB9F9C1FD3B0A5009FF60F /* MediaProgressHUD.h */ = {isa = PBXFileReference; fileEncoding = 4; lastKnownFileType = sourcecode.c.h; path = MediaProgressHUD.h; sourceTree = "<group>"; };
		27CB9F9D1FD3B0A5009FF60F /* ToastUtils.m */ = {isa = PBXFileReference; fileEncoding = 4; lastKnownFileType = sourcecode.c.objc; path = ToastUtils.m; sourceTree = "<group>"; };
		27CB9F9E1FD3B0A5009FF60F /* MediaNoAuthorityViewController.h */ = {isa = PBXFileReference; fileEncoding = 4; lastKnownFileType = sourcecode.c.h; path = MediaNoAuthorityViewController.h; sourceTree = "<group>"; };
		27CB9F9F1FD3B0A5009FF60F /* MediaProgressHUD.m */ = {isa = PBXFileReference; fileEncoding = 4; lastKnownFileType = sourcecode.c.objc; path = MediaProgressHUD.m; sourceTree = "<group>"; };
		27CB9FA01FD3B0A5009FF60F /* MediaThumbnailViewController.h */ = {isa = PBXFileReference; fileEncoding = 4; lastKnownFileType = sourcecode.c.h; path = MediaThumbnailViewController.h; sourceTree = "<group>"; };
		27CB9FA11FD3B0A5009FF60F /* MediaDefine.h */ = {isa = PBXFileReference; fileEncoding = 4; lastKnownFileType = sourcecode.c.h; path = MediaDefine.h; sourceTree = "<group>"; };
		27CB9FA21FD3B0A5009FF60F /* NSBundle+MediaPhotoBrowser.m */ = {isa = PBXFileReference; fileEncoding = 4; lastKnownFileType = sourcecode.c.objc; path = "NSBundle+MediaPhotoBrowser.m"; sourceTree = "<group>"; };
		27CB9FA31FD3B0A5009FF60F /* MediaForceTouchPreviewController.h */ = {isa = PBXFileReference; fileEncoding = 4; lastKnownFileType = sourcecode.c.h; path = MediaForceTouchPreviewController.h; sourceTree = "<group>"; };
		27CB9FA41FD3B0A5009FF60F /* MediaEditVideoController.h */ = {isa = PBXFileReference; fileEncoding = 4; lastKnownFileType = sourcecode.c.h; path = MediaEditVideoController.h; sourceTree = "<group>"; };
		27CB9FA51FD3B0A5009FF60F /* MediaEditImageController.m */ = {isa = PBXFileReference; fileEncoding = 4; lastKnownFileType = sourcecode.c.objc; path = MediaEditImageController.m; sourceTree = "<group>"; };
		27CB9FA61FD3B0A5009FF60F /* MediaForceTouchPreviewController.m */ = {isa = PBXFileReference; fileEncoding = 4; lastKnownFileType = sourcecode.c.objc; path = MediaForceTouchPreviewController.m; sourceTree = "<group>"; };
		27CB9FA71FD3B0A5009FF60F /* MediaCustomCamera.h */ = {isa = PBXFileReference; fileEncoding = 4; lastKnownFileType = sourcecode.c.h; path = MediaCustomCamera.h; sourceTree = "<group>"; };
		27CB9FA81FD3B0A5009FF60F /* MediaPhotoModel.h */ = {isa = PBXFileReference; fileEncoding = 4; lastKnownFileType = sourcecode.c.h; path = MediaPhotoModel.h; sourceTree = "<group>"; };
		27CB9FA91FD3B0A5009FF60F /* MediaPhotoModel.m */ = {isa = PBXFileReference; fileEncoding = 4; lastKnownFileType = sourcecode.c.objc; path = MediaPhotoModel.m; sourceTree = "<group>"; };
		27CB9FAA1FD3B0A6009FF60F /* MediaPlayer.m */ = {isa = PBXFileReference; fileEncoding = 4; lastKnownFileType = sourcecode.c.objc; path = MediaPlayer.m; sourceTree = "<group>"; };
		27CB9FAB1FD3B0A6009FF60F /* MediaEditVideoController.m */ = {isa = PBXFileReference; fileEncoding = 4; lastKnownFileType = sourcecode.c.objc; path = MediaEditVideoController.m; sourceTree = "<group>"; };
		27CB9FAC1FD3B0A6009FF60F /* MediaPhotoBrowserCell.h */ = {isa = PBXFileReference; fileEncoding = 4; lastKnownFileType = sourcecode.c.h; path = MediaPhotoBrowserCell.h; sourceTree = "<group>"; };
		27CB9FAD1FD3B0A6009FF60F /* MediaShowBigImgViewController.h */ = {isa = PBXFileReference; fileEncoding = 4; lastKnownFileType = sourcecode.c.h; path = MediaShowBigImgViewController.h; sourceTree = "<group>"; };
		27CB9FAF1FD3B0A6009FF60F /* MediaPhotoBrowser.bundle */ = {isa = PBXFileReference; lastKnownFileType = "wrapper.plug-in"; path = MediaPhotoBrowser.bundle; sourceTree = "<group>"; };
		27CB9FB01FD3B0A6009FF60F /* MediaPhotoActionSheet.xib */ = {isa = PBXFileReference; fileEncoding = 4; lastKnownFileType = file.xib; path = MediaPhotoActionSheet.xib; sourceTree = "<group>"; };
		27CB9FB11FD3B0A6009FF60F /* MediaPhotoBrowserCell.xib */ = {isa = PBXFileReference; fileEncoding = 4; lastKnownFileType = file.xib; path = MediaPhotoBrowserCell.xib; sourceTree = "<group>"; };
		27CB9FB21FD3B0A6009FF60F /* MediaPhotoConfiguration.m */ = {isa = PBXFileReference; fileEncoding = 4; lastKnownFileType = sourcecode.c.objc; path = MediaPhotoConfiguration.m; sourceTree = "<group>"; };
		27CB9FB31FD3B0A6009FF60F /* NSBundle+MediaPhotoBrowser.h */ = {isa = PBXFileReference; fileEncoding = 4; lastKnownFileType = sourcecode.c.h; path = "NSBundle+MediaPhotoBrowser.h"; sourceTree = "<group>"; };
		27CB9FB41FD3B0A6009FF60F /* MediaEditImageController.h */ = {isa = PBXFileReference; fileEncoding = 4; lastKnownFileType = sourcecode.c.h; path = MediaEditImageController.h; sourceTree = "<group>"; };
		27CB9FB51FD3B0A6009FF60F /* MediaCustomCamera.m */ = {isa = PBXFileReference; fileEncoding = 4; lastKnownFileType = sourcecode.c.objc; path = MediaCustomCamera.m; sourceTree = "<group>"; };
		27CB9FB61FD3B0A6009FF60F /* MediaShowBigImgViewController.m */ = {isa = PBXFileReference; fileEncoding = 4; lastKnownFileType = sourcecode.c.objc; path = MediaShowBigImgViewController.m; sourceTree = "<group>"; };
		27CB9FB71FD3B0A7009FF60F /* MediaNoAuthorityViewController.m */ = {isa = PBXFileReference; fileEncoding = 4; lastKnownFileType = sourcecode.c.objc; path = MediaNoAuthorityViewController.m; sourceTree = "<group>"; };
		27CB9FB81FD3B0A7009FF60F /* MediaPhotoBrowser.m */ = {isa = PBXFileReference; fileEncoding = 4; lastKnownFileType = sourcecode.c.objc; path = MediaPhotoBrowser.m; sourceTree = "<group>"; };
		27CB9FB91FD3B0A7009FF60F /* MediaCollectionCell.m */ = {isa = PBXFileReference; fileEncoding = 4; lastKnownFileType = sourcecode.c.objc; path = MediaCollectionCell.m; sourceTree = "<group>"; };
		27CB9FBA1FD3B0A7009FF60F /* MediaPhotoActionSheet.m */ = {isa = PBXFileReference; fileEncoding = 4; lastKnownFileType = sourcecode.c.objc; path = MediaPhotoActionSheet.m; sourceTree = "<group>"; };
		27CB9FBB1FD3B0A7009FF60F /* MediaThumbnailViewController.m */ = {isa = PBXFileReference; fileEncoding = 4; lastKnownFileType = sourcecode.c.objc; path = MediaThumbnailViewController.m; sourceTree = "<group>"; };
		27CB9FBC1FD3B0A7009FF60F /* MediaPhotoBrowserCell.m */ = {isa = PBXFileReference; fileEncoding = 4; lastKnownFileType = sourcecode.c.objc; path = MediaPhotoBrowserCell.m; sourceTree = "<group>"; };
		27CB9FBD1FD3B0A7009FF60F /* MediaPlayer.h */ = {isa = PBXFileReference; fileEncoding = 4; lastKnownFileType = sourcecode.c.h; path = MediaPlayer.h; sourceTree = "<group>"; };
		27CB9FBE1FD3B0A7009FF60F /* MediaBigImageCell.m */ = {isa = PBXFileReference; fileEncoding = 4; lastKnownFileType = sourcecode.c.objc; path = MediaBigImageCell.m; sourceTree = "<group>"; };
		27CB9FBF1FD3B0A7009FF60F /* MediaPhotoConfiguration.h */ = {isa = PBXFileReference; fileEncoding = 4; lastKnownFileType = sourcecode.c.h; path = MediaPhotoConfiguration.h; sourceTree = "<group>"; };
		27CB9FC01FD3B0A7009FF60F /* MediaPhotoBrowser.h */ = {isa = PBXFileReference; fileEncoding = 4; lastKnownFileType = sourcecode.c.h; path = MediaPhotoBrowser.h; sourceTree = "<group>"; };
		27CB9FC11FD3B0A7009FF60F /* ToastUtils.h */ = {isa = PBXFileReference; fileEncoding = 4; lastKnownFileType = sourcecode.c.h; path = ToastUtils.h; sourceTree = "<group>"; };
		27CB9FC21FD3B0A8009FF60F /* UIButton+EnlargeTouchArea.h */ = {isa = PBXFileReference; fileEncoding = 4; lastKnownFileType = sourcecode.c.h; path = "UIButton+EnlargeTouchArea.h"; sourceTree = "<group>"; };
		27CB9FC31FD3B0A8009FF60F /* UIButton+EnlargeTouchArea.m */ = {isa = PBXFileReference; fileEncoding = 4; lastKnownFileType = sourcecode.c.objc; path = "UIButton+EnlargeTouchArea.m"; sourceTree = "<group>"; };
		27CB9FC41FD3B0A8009FF60F /* MediaBigImageCell.h */ = {isa = PBXFileReference; fileEncoding = 4; lastKnownFileType = sourcecode.c.h; path = MediaBigImageCell.h; sourceTree = "<group>"; };
		27CB9FC51FD3B0A8009FF60F /* MediaCollectionCell.h */ = {isa = PBXFileReference; fileEncoding = 4; lastKnownFileType = sourcecode.c.h; path = MediaCollectionCell.h; sourceTree = "<group>"; };
		27CB9FC61FD3B0A8009FF60F /* MediaPhotoActionSheet.h */ = {isa = PBXFileReference; fileEncoding = 4; lastKnownFileType = sourcecode.c.h; path = MediaPhotoActionSheet.h; sourceTree = "<group>"; };
		27CB9FC71FD3B0A8009FF60F /* MediaPhotoManager.m */ = {isa = PBXFileReference; fileEncoding = 4; lastKnownFileType = sourcecode.c.objc; path = MediaPhotoManager.m; sourceTree = "<group>"; };
/* End PBXFileReference section */

/* Begin PBXFrameworksBuildPhase section */
		27B8D2291FC3A62900CCF9C9 /* Frameworks */ = {
			isa = PBXFrameworksBuildPhase;
			buildActionMask = 2147483647;
			files = (
			);
			runOnlyForDeploymentPostprocessing = 0;
		};
		27B8D2411FC3A62900CCF9C9 /* Frameworks */ = {
			isa = PBXFrameworksBuildPhase;
			buildActionMask = 2147483647;
			files = (
			);
			runOnlyForDeploymentPostprocessing = 0;
		};
		27B8D24C1FC3A62900CCF9C9 /* Frameworks */ = {
			isa = PBXFrameworksBuildPhase;
			buildActionMask = 2147483647;
			files = (
			);
			runOnlyForDeploymentPostprocessing = 0;
		};
/* End PBXFrameworksBuildPhase section */

/* Begin PBXGroup section */
		2728CCBC1FC4654A00331874 /* MediaCustomView */ = {
			isa = PBXGroup;
			children = (
				27862A491FCE4D0E00DA022F /* MediaGIFImageView.h */,
				27862A4A1FCE4D0E00DA022F /* MediaGIFImageView.m */,
				27CB9F971FD3AF68009FF60F /* MediaShiningLabel.h */,
				27CB9F981FD3AF68009FF60F /* MediaShiningLabel.m */,
			);
			path = MediaCustomView;
			sourceTree = "<group>";
		};
		2740BA0C1FCAED330000C2BC /* MediaImageViewAndButton */ = {
			isa = PBXGroup;
			children = (
				2740BA0D1FCAED620000C2BC /* MediaButton.h */,
				2740BA0E1FCAED620000C2BC /* MediaButton.m */,
				2720BB6F1FCDA1CD005EE7CE /* MediaImageView.h */,
				2720BB701FCDA1CD005EE7CE /* MediaImageView.m */,
				2720BB721FCDA297005EE7CE /* MediaCacheView.h */,
				2720BB731FCDA297005EE7CE /* MediaCacheView.m */,
				2720BB751FCDA413005EE7CE /* MediaCacheViewHeader.h */,
			);
			path = MediaImageViewAndButton;
			sourceTree = "<group>";
		};
		274ED6BE1FC8FDAA00DB7B1E /* MediaDownloader */ = {
			isa = PBXGroup;
			children = (
				274ED6BF1FC8FDE400DB7B1E /* DataDownloadManager.h */,
				274ED6C01FC8FDE400DB7B1E /* DataDownloadManager.m */,
				274ED6C21FC900AE00DB7B1E /* DataDownloadModel.h */,
				274ED6C31FC900AE00DB7B1E /* DataDownloadModel.m */,
				274ED6C61FC9025100DB7B1E /* DataDownloadProgress.h */,
				274ED6C71FC9025100DB7B1E /* DataDownloadProgress.m */,
				274ED6C51FC9015200DB7B1E /* DataDownloadHeader.h */,
			);
			path = MediaDownloader;
			sourceTree = "<group>";
		};
		275E258A1FDA55F100A1FBEA /* MediaVersionManager */ = {
			isa = PBXGroup;
			children = (
				275E258B1FDA560E00A1FBEA /* MediaVersionManager.h */,
				275E258C1FDA560E00A1FBEA /* MediaVersionManager.m */,
			);
			path = MediaVersionManager;
			sourceTree = "<group>";
		};
		2760DDDA1FCF8A9C0013DD7E /* MediaLocalized */ = {
			isa = PBXGroup;
			children = (
				2760DDDB1FCF8AB60013DD7E /* MediaLoalized.h */,
				2760DDDC1FCF8AB60013DD7E /* MediaLocalized.m */,
				2760DDDE1FCF8CAB0013DD7E /* MediaCSVParser.h */,
				2760DDDF1FCF8CAB0013DD7E /* MediaCSVParser.m */,
			);
			name = MediaLocalized;
			path = MediaLoalized;
			sourceTree = "<group>";
		};
		27862A4C1FCE58BE00DA022F /* MediaSourceCache */ = {
			isa = PBXGroup;
			children = (
				27862A4D1FCE58DB00DA022F /* MediaSourceCache.h */,
				27862A4E1FCE58DB00DA022F /* MediaSourceCache.m */,
			);
			path = MediaSourceCache;
			sourceTree = "<group>";
		};
		27B8D2231FC3A62900CCF9C9 = {
			isa = PBXGroup;
			children = (
				27B8D22E1FC3A62900CCF9C9 /* MediaFacotry */,
				27B8D2471FC3A62900CCF9C9 /* MediaFacotryTests */,
				27B8D2521FC3A62900CCF9C9 /* MediaFacotryUITests */,
				27B8D22D1FC3A62900CCF9C9 /* Products */,
			);
			sourceTree = "<group>";
		};
		27B8D22D1FC3A62900CCF9C9 /* Products */ = {
			isa = PBXGroup;
			children = (
				27B8D22C1FC3A62900CCF9C9 /* MediaFacotry.app */,
				27B8D2441FC3A62900CCF9C9 /* MediaFacotryTests.xctest */,
				27B8D24F1FC3A62900CCF9C9 /* MediaFacotryUITests.xctest */,
			);
			name = Products;
			sourceTree = "<group>";
		};
		27B8D22E1FC3A62900CCF9C9 /* MediaFacotry */ = {
			isa = PBXGroup;
			children = (
				27B8D2611FC3A63500CCF9C9 /* MediaFacotry */,
				27B8D22F1FC3A62900CCF9C9 /* AppDelegate.h */,
				27B8D2301FC3A62900CCF9C9 /* AppDelegate.m */,
				27B8D2321FC3A62900CCF9C9 /* ViewController.h */,
				27B8D2331FC3A62900CCF9C9 /* ViewController.m */,
				2720BB6D1FCD8E49005EE7CE /* defaultImage.png */,
				27B8D2351FC3A62900CCF9C9 /* Main.storyboard */,
				27B8D2381FC3A62900CCF9C9 /* Assets.xcassets */,
				27B8D23A1FC3A62900CCF9C9 /* LaunchScreen.storyboard */,
				27B8D23D1FC3A62900CCF9C9 /* Info.plist */,
				27B8D23E1FC3A62900CCF9C9 /* main.m */,
				27B8D26A1FC3ADC600CCF9C9 /* GlobalHeader.pch */,
			);
			path = MediaFacotry;
			sourceTree = "<group>";
		};
		27B8D2471FC3A62900CCF9C9 /* MediaFacotryTests */ = {
			isa = PBXGroup;
			children = (
				27B8D2481FC3A62900CCF9C9 /* MediaFacotryTests.m */,
				27B8D24A1FC3A62900CCF9C9 /* Info.plist */,
			);
			path = MediaFacotryTests;
			sourceTree = "<group>";
		};
		27B8D2521FC3A62900CCF9C9 /* MediaFacotryUITests */ = {
			isa = PBXGroup;
			children = (
				27B8D2531FC3A62900CCF9C9 /* MediaFacotryUITests.m */,
				27B8D2551FC3A62900CCF9C9 /* Info.plist */,
			);
			path = MediaFacotryUITests;
			sourceTree = "<group>";
		};
		27B8D2611FC3A63500CCF9C9 /* MediaFacotry */ = {
			isa = PBXGroup;
			children = (
				275E258A1FDA55F100A1FBEA /* MediaVersionManager */,
				27B8D26F1FC3B08100CCF9C9 /* CommonHeader.h */,
				27B8D2661FC3ACE200CCF9C9 /* MediaFactory.h */,
				27B8D2671FC3ACE200CCF9C9 /* MediaFactory.m */,
				27CB9F9A1FD3B056009FF60F /* MediaPicker */,
				2760DDDA1FCF8A9C0013DD7E /* MediaLocalized */,
				27862A4C1FCE58BE00DA022F /* MediaSourceCache */,
				2740BA0C1FCAED330000C2BC /* MediaImageViewAndButton */,
				274ED6BE1FC8FDAA00DB7B1E /* MediaDownloader */,
				2728CCBC1FC4654A00331874 /* MediaCustomView */,
				27B8D26B1FC3B04600CCF9C9 /* MediaExtension */,
			);
			path = MediaFacotry;
			sourceTree = "<group>";
		};
		27B8D26B1FC3B04600CCF9C9 /* MediaExtension */ = {
			isa = PBXGroup;
			children = (
				27B8D26C1FC3B05F00CCF9C9 /* MediaExtension.h */,
				27B8D26D1FC3B05F00CCF9C9 /* MediaExtension.m */,
			);
			path = MediaExtension;
			sourceTree = "<group>";
		};
		27CB9F9A1FD3B056009FF60F /* MediaPicker */ = {
			isa = PBXGroup;
			children = (
				27CB9FC41FD3B0A8009FF60F /* MediaBigImageCell.h */,
				27CB9FBE1FD3B0A7009FF60F /* MediaBigImageCell.m */,
				27CB9FC51FD3B0A8009FF60F /* MediaCollectionCell.h */,
				27CB9FB91FD3B0A7009FF60F /* MediaCollectionCell.m */,
				27CB9FA71FD3B0A5009FF60F /* MediaCustomCamera.h */,
				27CB9FB51FD3B0A6009FF60F /* MediaCustomCamera.m */,
				27CB9FA11FD3B0A5009FF60F /* MediaDefine.h */,
				27CB9FA41FD3B0A5009FF60F /* MediaEditVideoController.h */,
				27CB9FAB1FD3B0A6009FF60F /* MediaEditVideoController.m */,
				27CB9FB41FD3B0A6009FF60F /* MediaEditImageController.h */,
				27CB9FA51FD3B0A5009FF60F /* MediaEditImageController.m */,
				27CB9FA31FD3B0A5009FF60F /* MediaForceTouchPreviewController.h */,
				27CB9FA61FD3B0A5009FF60F /* MediaForceTouchPreviewController.m */,
				27CB9F9E1FD3B0A5009FF60F /* MediaNoAuthorityViewController.h */,
				27CB9FB71FD3B0A7009FF60F /* MediaNoAuthorityViewController.m */,
				27CB9FC61FD3B0A8009FF60F /* MediaPhotoActionSheet.h */,
				27CB9FBA1FD3B0A7009FF60F /* MediaPhotoActionSheet.m */,
				27CB9FC01FD3B0A7009FF60F /* MediaPhotoBrowser.h */,
				27CB9FB81FD3B0A7009FF60F /* MediaPhotoBrowser.m */,
				27CB9FAC1FD3B0A6009FF60F /* MediaPhotoBrowserCell.h */,
				27CB9FBC1FD3B0A7009FF60F /* MediaPhotoBrowserCell.m */,
				27CB9FBF1FD3B0A7009FF60F /* MediaPhotoConfiguration.h */,
				27CB9FB21FD3B0A6009FF60F /* MediaPhotoConfiguration.m */,
				27CB9F9B1FD3B0A5009FF60F /* MediaPhotoManager.h */,
				27CB9FC71FD3B0A8009FF60F /* MediaPhotoManager.m */,
				27CB9FA81FD3B0A5009FF60F /* MediaPhotoModel.h */,
				27CB9FA91FD3B0A5009FF60F /* MediaPhotoModel.m */,
				27CB9FBD1FD3B0A7009FF60F /* MediaPlayer.h */,
				27CB9FAA1FD3B0A6009FF60F /* MediaPlayer.m */,
				27CB9F9C1FD3B0A5009FF60F /* MediaProgressHUD.h */,
				27CB9F9F1FD3B0A5009FF60F /* MediaProgressHUD.m */,
				27CB9FAD1FD3B0A6009FF60F /* MediaShowBigImgViewController.h */,
				27CB9FB61FD3B0A6009FF60F /* MediaShowBigImgViewController.m */,
				27CB9FA01FD3B0A5009FF60F /* MediaThumbnailViewController.h */,
				27CB9FBB1FD3B0A7009FF60F /* MediaThumbnailViewController.m */,
				27CB9FB31FD3B0A6009FF60F /* NSBundle+MediaPhotoBrowser.h */,
				27CB9FA21FD3B0A5009FF60F /* NSBundle+MediaPhotoBrowser.m */,
				27CB9FAE1FD3B0A6009FF60F /* resource */,
				27CB9FC11FD3B0A7009FF60F /* ToastUtils.h */,
				27CB9F9D1FD3B0A5009FF60F /* ToastUtils.m */,
				27CB9FC21FD3B0A8009FF60F /* UIButton+EnlargeTouchArea.h */,
				27CB9FC31FD3B0A8009FF60F /* UIButton+EnlargeTouchArea.m */,
			);
			path = MediaPicker;
			sourceTree = "<group>";
		};
		27CB9FAE1FD3B0A6009FF60F /* resource */ = {
			isa = PBXGroup;
			children = (
				27CB9FAF1FD3B0A6009FF60F /* MediaPhotoBrowser.bundle */,
				27CB9FB01FD3B0A6009FF60F /* MediaPhotoActionSheet.xib */,
				27CB9FB11FD3B0A6009FF60F /* MediaPhotoBrowserCell.xib */,
			);
			path = resource;
			sourceTree = "<group>";
		};
/* End PBXGroup section */

/* Begin PBXNativeTarget section */
		27B8D22B1FC3A62900CCF9C9 /* MediaFacotry */ = {
			isa = PBXNativeTarget;
			buildConfigurationList = 27B8D2581FC3A62900CCF9C9 /* Build configuration list for PBXNativeTarget "MediaFacotry" */;
			buildPhases = (
				27B8D2281FC3A62900CCF9C9 /* Sources */,
				27B8D2291FC3A62900CCF9C9 /* Frameworks */,
				27B8D22A1FC3A62900CCF9C9 /* Resources */,
			);
			buildRules = (
			);
			dependencies = (
			);
			name = MediaFacotry;
			productName = MediaFacotry;
			productReference = 27B8D22C1FC3A62900CCF9C9 /* MediaFacotry.app */;
			productType = "com.apple.product-type.application";
		};
		27B8D2431FC3A62900CCF9C9 /* MediaFacotryTests */ = {
			isa = PBXNativeTarget;
			buildConfigurationList = 27B8D25B1FC3A62900CCF9C9 /* Build configuration list for PBXNativeTarget "MediaFacotryTests" */;
			buildPhases = (
				27B8D2401FC3A62900CCF9C9 /* Sources */,
				27B8D2411FC3A62900CCF9C9 /* Frameworks */,
				27B8D2421FC3A62900CCF9C9 /* Resources */,
			);
			buildRules = (
			);
			dependencies = (
				27B8D2461FC3A62900CCF9C9 /* PBXTargetDependency */,
			);
			name = MediaFacotryTests;
			productName = MediaFacotryTests;
			productReference = 27B8D2441FC3A62900CCF9C9 /* MediaFacotryTests.xctest */;
			productType = "com.apple.product-type.bundle.unit-test";
		};
		27B8D24E1FC3A62900CCF9C9 /* MediaFacotryUITests */ = {
			isa = PBXNativeTarget;
			buildConfigurationList = 27B8D25E1FC3A62900CCF9C9 /* Build configuration list for PBXNativeTarget "MediaFacotryUITests" */;
			buildPhases = (
				27B8D24B1FC3A62900CCF9C9 /* Sources */,
				27B8D24C1FC3A62900CCF9C9 /* Frameworks */,
				27B8D24D1FC3A62900CCF9C9 /* Resources */,
			);
			buildRules = (
			);
			dependencies = (
				27B8D2511FC3A62900CCF9C9 /* PBXTargetDependency */,
			);
			name = MediaFacotryUITests;
			productName = MediaFacotryUITests;
			productReference = 27B8D24F1FC3A62900CCF9C9 /* MediaFacotryUITests.xctest */;
			productType = "com.apple.product-type.bundle.ui-testing";
		};
/* End PBXNativeTarget section */

/* Begin PBXProject section */
		27B8D2241FC3A62900CCF9C9 /* Project object */ = {
			isa = PBXProject;
			attributes = {
				LastUpgradeCheck = 0900;
				ORGANIZATIONNAME = HM;
				TargetAttributes = {
					27B8D22B1FC3A62900CCF9C9 = {
						CreatedOnToolsVersion = 9.0;
						ProvisioningStyle = Automatic;
					};
					27B8D2431FC3A62900CCF9C9 = {
						CreatedOnToolsVersion = 9.0;
						ProvisioningStyle = Automatic;
						TestTargetID = 27B8D22B1FC3A62900CCF9C9;
					};
					27B8D24E1FC3A62900CCF9C9 = {
						CreatedOnToolsVersion = 9.0;
						ProvisioningStyle = Automatic;
						TestTargetID = 27B8D22B1FC3A62900CCF9C9;
					};
				};
			};
			buildConfigurationList = 27B8D2271FC3A62900CCF9C9 /* Build configuration list for PBXProject "MediaFacotry" */;
			compatibilityVersion = "Xcode 8.0";
			developmentRegion = en;
			hasScannedForEncodings = 0;
			knownRegions = (
				en,
				Base,
			);
			mainGroup = 27B8D2231FC3A62900CCF9C9;
			productRefGroup = 27B8D22D1FC3A62900CCF9C9 /* Products */;
			projectDirPath = "";
			projectRoot = "";
			targets = (
				27B8D22B1FC3A62900CCF9C9 /* MediaFacotry */,
				27B8D2431FC3A62900CCF9C9 /* MediaFacotryTests */,
				27B8D24E1FC3A62900CCF9C9 /* MediaFacotryUITests */,
			);
		};
/* End PBXProject section */

/* Begin PBXResourcesBuildPhase section */
		27B8D22A1FC3A62900CCF9C9 /* Resources */ = {
			isa = PBXResourcesBuildPhase;
			buildActionMask = 2147483647;
			files = (
				27CB9FD01FD3B0A8009FF60F /* MediaPhotoBrowser.bundle in Resources */,
				27B8D23C1FC3A62900CCF9C9 /* LaunchScreen.storyboard in Resources */,
				27B8D2391FC3A62900CCF9C9 /* Assets.xcassets in Resources */,
				27CB9FD11FD3B0A8009FF60F /* MediaPhotoActionSheet.xib in Resources */,
				27B8D2371FC3A62900CCF9C9 /* Main.storyboard in Resources */,
				27CB9FD21FD3B0A8009FF60F /* MediaPhotoBrowserCell.xib in Resources */,
				2720BB6E1FCD8E49005EE7CE /* defaultImage.png in Resources */,
			);
			runOnlyForDeploymentPostprocessing = 0;
		};
		27B8D2421FC3A62900CCF9C9 /* Resources */ = {
			isa = PBXResourcesBuildPhase;
			buildActionMask = 2147483647;
			files = (
			);
			runOnlyForDeploymentPostprocessing = 0;
		};
		27B8D24D1FC3A62900CCF9C9 /* Resources */ = {
			isa = PBXResourcesBuildPhase;
			buildActionMask = 2147483647;
			files = (
			);
			runOnlyForDeploymentPostprocessing = 0;
		};
/* End PBXResourcesBuildPhase section */

/* Begin PBXSourcesBuildPhase section */
		27B8D2281FC3A62900CCF9C9 /* Sources */ = {
			isa = PBXSourcesBuildPhase;
			buildActionMask = 2147483647;
			files = (
				27B8D26E1FC3B05F00CCF9C9 /* MediaExtension.m in Sources */,
				27CB9FCC1FD3B0A8009FF60F /* MediaForceTouchPreviewController.m in Sources */,
				274ED6C81FC9025100DB7B1E /* DataDownloadProgress.m in Sources */,
				2760DDE01FCF8CAB0013DD7E /* MediaCSVParser.m in Sources */,
				27862A4F1FCE58DB00DA022F /* MediaSourceCache.m in Sources */,
				27CB9FD51FD3B0A8009FF60F /* MediaShowBigImgViewController.m in Sources */,
				27CB9FDB1FD3B0A8009FF60F /* MediaPhotoBrowserCell.m in Sources */,
				27CB9FDC1FD3B0A8009FF60F /* MediaBigImageCell.m in Sources */,
				27CB9FD71FD3B0A8009FF60F /* MediaPhotoBrowser.m in Sources */,
				2740BA0F1FCAED620000C2BC /* MediaButton.m in Sources */,
				27CB9FCA1FD3B0A8009FF60F /* NSBundle+MediaPhotoBrowser.m in Sources */,
				274ED6C11FC8FDE400DB7B1E /* DataDownloadManager.m in Sources */,
				2760DDDD1FCF8AB60013DD7E /* MediaLocalized.m in Sources */,
				27B8D2681FC3ACE200CCF9C9 /* MediaFactory.m in Sources */,
				27CB9FCB1FD3B0A8009FF60F /* MediaEditImageController.m in Sources */,
				2720BB711FCDA1CD005EE7CE /* MediaImageView.m in Sources */,
				27CB9FD91FD3B0A8009FF60F /* MediaPhotoActionSheet.m in Sources */,
				27CB9FD81FD3B0A8009FF60F /* MediaCollectionCell.m in Sources */,
				27CB9FD31FD3B0A8009FF60F /* MediaPhotoConfiguration.m in Sources */,
				274ED6C41FC900AE00DB7B1E /* DataDownloadModel.m in Sources */,
				27862A4B1FCE4D0E00DA022F /* MediaGIFImageView.m in Sources */,
				27B8D2341FC3A62900CCF9C9 /* ViewController.m in Sources */,
				27CB9FDD1FD3B0A8009FF60F /* UIButton+EnlargeTouchArea.m in Sources */,
				27CB9FDE1FD3B0A8009FF60F /* MediaPhotoManager.m in Sources */,
				27B8D23F1FC3A62900CCF9C9 /* main.m in Sources */,
				27CB9FCE1FD3B0A8009FF60F /* MediaPlayer.m in Sources */,
				27B8D2311FC3A62900CCF9C9 /* AppDelegate.m in Sources */,
				27CB9FCD1FD3B0A8009FF60F /* MediaPhotoModel.m in Sources */,
				27CB9FC81FD3B0A8009FF60F /* ToastUtils.m in Sources */,
				27CB9F991FD3AF69009FF60F /* MediaShiningLabel.m in Sources */,
				2720BB741FCDA297005EE7CE /* MediaCacheView.m in Sources */,
				27CB9FD61FD3B0A8009FF60F /* MediaNoAuthorityViewController.m in Sources */,
				275E258D1FDA560E00A1FBEA /* MediaVersionManager.m in Sources */,
				27CB9FDA1FD3B0A8009FF60F /* MediaThumbnailViewController.m in Sources */,
				27CB9FCF1FD3B0A8009FF60F /* MediaEditVideoController.m in Sources */,
				27CB9FD41FD3B0A8009FF60F /* MediaCustomCamera.m in Sources */,
				27CB9FC91FD3B0A8009FF60F /* MediaProgressHUD.m in Sources */,
			);
			runOnlyForDeploymentPostprocessing = 0;
		};
		27B8D2401FC3A62900CCF9C9 /* Sources */ = {
			isa = PBXSourcesBuildPhase;
			buildActionMask = 2147483647;
			files = (
				27B8D2491FC3A62900CCF9C9 /* MediaFacotryTests.m in Sources */,
			);
			runOnlyForDeploymentPostprocessing = 0;
		};
		27B8D24B1FC3A62900CCF9C9 /* Sources */ = {
			isa = PBXSourcesBuildPhase;
			buildActionMask = 2147483647;
			files = (
				27B8D2541FC3A62900CCF9C9 /* MediaFacotryUITests.m in Sources */,
			);
			runOnlyForDeploymentPostprocessing = 0;
		};
/* End PBXSourcesBuildPhase section */

/* Begin PBXTargetDependency section */
		27B8D2461FC3A62900CCF9C9 /* PBXTargetDependency */ = {
			isa = PBXTargetDependency;
			target = 27B8D22B1FC3A62900CCF9C9 /* MediaFacotry */;
			targetProxy = 27B8D2451FC3A62900CCF9C9 /* PBXContainerItemProxy */;
		};
		27B8D2511FC3A62900CCF9C9 /* PBXTargetDependency */ = {
			isa = PBXTargetDependency;
			target = 27B8D22B1FC3A62900CCF9C9 /* MediaFacotry */;
			targetProxy = 27B8D2501FC3A62900CCF9C9 /* PBXContainerItemProxy */;
		};
/* End PBXTargetDependency section */

/* Begin PBXVariantGroup section */
		27B8D2351FC3A62900CCF9C9 /* Main.storyboard */ = {
			isa = PBXVariantGroup;
			children = (
				27B8D2361FC3A62900CCF9C9 /* Base */,
			);
			name = Main.storyboard;
			sourceTree = "<group>";
		};
		27B8D23A1FC3A62900CCF9C9 /* LaunchScreen.storyboard */ = {
			isa = PBXVariantGroup;
			children = (
				27B8D23B1FC3A62900CCF9C9 /* Base */,
			);
			name = LaunchScreen.storyboard;
			sourceTree = "<group>";
		};
/* End PBXVariantGroup section */

/* Begin XCBuildConfiguration section */
		27B8D2561FC3A62900CCF9C9 /* Debug */ = {
			isa = XCBuildConfiguration;
			buildSettings = {
				ALWAYS_SEARCH_USER_PATHS = NO;
				CLANG_ANALYZER_NONNULL = YES;
				CLANG_ANALYZER_NUMBER_OBJECT_CONVERSION = YES_AGGRESSIVE;
				CLANG_CXX_LANGUAGE_STANDARD = "gnu++14";
				CLANG_CXX_LIBRARY = "libc++";
				CLANG_ENABLE_MODULES = YES;
				CLANG_ENABLE_OBJC_ARC = YES;
				CLANG_WARN_BLOCK_CAPTURE_AUTORELEASING = YES;
				CLANG_WARN_BOOL_CONVERSION = YES;
				CLANG_WARN_COMMA = YES;
				CLANG_WARN_CONSTANT_CONVERSION = YES;
				CLANG_WARN_DIRECT_OBJC_ISA_USAGE = YES_ERROR;
				CLANG_WARN_DOCUMENTATION_COMMENTS = YES;
				CLANG_WARN_EMPTY_BODY = YES;
				CLANG_WARN_ENUM_CONVERSION = YES;
				CLANG_WARN_INFINITE_RECURSION = YES;
				CLANG_WARN_INT_CONVERSION = YES;
				CLANG_WARN_NON_LITERAL_NULL_CONVERSION = YES;
				CLANG_WARN_OBJC_LITERAL_CONVERSION = YES;
				CLANG_WARN_OBJC_ROOT_CLASS = YES_ERROR;
				CLANG_WARN_RANGE_LOOP_ANALYSIS = YES;
				CLANG_WARN_STRICT_PROTOTYPES = YES;
				CLANG_WARN_SUSPICIOUS_MOVE = YES;
				CLANG_WARN_UNGUARDED_AVAILABILITY = YES_AGGRESSIVE;
				CLANG_WARN_UNREACHABLE_CODE = YES;
				CLANG_WARN__DUPLICATE_METHOD_MATCH = YES;
				CODE_SIGN_IDENTITY = "iPhone Developer";
				COPY_PHASE_STRIP = NO;
				DEBUG_INFORMATION_FORMAT = dwarf;
				ENABLE_STRICT_OBJC_MSGSEND = YES;
				ENABLE_TESTABILITY = YES;
				GCC_C_LANGUAGE_STANDARD = gnu11;
				GCC_DYNAMIC_NO_PIC = NO;
				GCC_NO_COMMON_BLOCKS = YES;
				GCC_OPTIMIZATION_LEVEL = 0;
				GCC_PREPROCESSOR_DEFINITIONS = (
					"DEBUG=1",
					"$(inherited)",
				);
				GCC_WARN_64_TO_32_BIT_CONVERSION = YES;
				GCC_WARN_ABOUT_RETURN_TYPE = YES_ERROR;
				GCC_WARN_UNDECLARED_SELECTOR = YES;
				GCC_WARN_UNINITIALIZED_AUTOS = YES_AGGRESSIVE;
				GCC_WARN_UNUSED_FUNCTION = YES;
				GCC_WARN_UNUSED_VARIABLE = YES;
				IPHONEOS_DEPLOYMENT_TARGET = 11.0;
				MTL_ENABLE_DEBUG_INFO = YES;
				ONLY_ACTIVE_ARCH = YES;
				SDKROOT = iphoneos;
			};
			name = Debug;
		};
		27B8D2571FC3A62900CCF9C9 /* Release */ = {
			isa = XCBuildConfiguration;
			buildSettings = {
				ALWAYS_SEARCH_USER_PATHS = NO;
				CLANG_ANALYZER_NONNULL = YES;
				CLANG_ANALYZER_NUMBER_OBJECT_CONVERSION = YES_AGGRESSIVE;
				CLANG_CXX_LANGUAGE_STANDARD = "gnu++14";
				CLANG_CXX_LIBRARY = "libc++";
				CLANG_ENABLE_MODULES = YES;
				CLANG_ENABLE_OBJC_ARC = YES;
				CLANG_WARN_BLOCK_CAPTURE_AUTORELEASING = YES;
				CLANG_WARN_BOOL_CONVERSION = YES;
				CLANG_WARN_COMMA = YES;
				CLANG_WARN_CONSTANT_CONVERSION = YES;
				CLANG_WARN_DIRECT_OBJC_ISA_USAGE = YES_ERROR;
				CLANG_WARN_DOCUMENTATION_COMMENTS = YES;
				CLANG_WARN_EMPTY_BODY = YES;
				CLANG_WARN_ENUM_CONVERSION = YES;
				CLANG_WARN_INFINITE_RECURSION = YES;
				CLANG_WARN_INT_CONVERSION = YES;
				CLANG_WARN_NON_LITERAL_NULL_CONVERSION = YES;
				CLANG_WARN_OBJC_LITERAL_CONVERSION = YES;
				CLANG_WARN_OBJC_ROOT_CLASS = YES_ERROR;
				CLANG_WARN_RANGE_LOOP_ANALYSIS = YES;
				CLANG_WARN_STRICT_PROTOTYPES = YES;
				CLANG_WARN_SUSPICIOUS_MOVE = YES;
				CLANG_WARN_UNGUARDED_AVAILABILITY = YES_AGGRESSIVE;
				CLANG_WARN_UNREACHABLE_CODE = YES;
				CLANG_WARN__DUPLICATE_METHOD_MATCH = YES;
				CODE_SIGN_IDENTITY = "iPhone Developer";
				COPY_PHASE_STRIP = NO;
				DEBUG_INFORMATION_FORMAT = "dwarf-with-dsym";
				ENABLE_NS_ASSERTIONS = NO;
				ENABLE_STRICT_OBJC_MSGSEND = YES;
				GCC_C_LANGUAGE_STANDARD = gnu11;
				GCC_NO_COMMON_BLOCKS = YES;
				GCC_WARN_64_TO_32_BIT_CONVERSION = YES;
				GCC_WARN_ABOUT_RETURN_TYPE = YES_ERROR;
				GCC_WARN_UNDECLARED_SELECTOR = YES;
				GCC_WARN_UNINITIALIZED_AUTOS = YES_AGGRESSIVE;
				GCC_WARN_UNUSED_FUNCTION = YES;
				GCC_WARN_UNUSED_VARIABLE = YES;
				IPHONEOS_DEPLOYMENT_TARGET = 11.0;
				MTL_ENABLE_DEBUG_INFO = NO;
				SDKROOT = iphoneos;
				VALIDATE_PRODUCT = YES;
			};
			name = Release;
		};
		27B8D2591FC3A62900CCF9C9 /* Debug */ = {
			isa = XCBuildConfiguration;
			buildSettings = {
				ASSETCATALOG_COMPILER_APPICON_NAME = AppIcon;
				CODE_SIGN_STYLE = Automatic;
				DEVELOPMENT_TEAM = MA75X9QV5V;
				GCC_PRECOMPILE_PREFIX_HEADER = YES;
				GCC_PREFIX_HEADER = "$(SRCROOT)/MediaFacotry/GlobalHeader.pch";
				INFOPLIST_FILE = MediaFacotry/Info.plist;
				IPHONEOS_DEPLOYMENT_TARGET = 8.0;
				LD_RUNPATH_SEARCH_PATHS = "$(inherited) @executable_path/Frameworks";
				PRODUCT_BUNDLE_IDENTIFIER = com.HM.MediaFacotry;
				PRODUCT_NAME = "$(TARGET_NAME)";
				TARGETED_DEVICE_FAMILY = "1,2";
			};
			name = Debug;
		};
		27B8D25A1FC3A62900CCF9C9 /* Release */ = {
			isa = XCBuildConfiguration;
			buildSettings = {
				ASSETCATALOG_COMPILER_APPICON_NAME = AppIcon;
				CODE_SIGN_STYLE = Automatic;
				DEVELOPMENT_TEAM = MA75X9QV5V;
				GCC_PRECOMPILE_PREFIX_HEADER = YES;
				GCC_PREFIX_HEADER = "$(SRCROOT)/MediaFacotry/GlobalHeader.pch";
				INFOPLIST_FILE = MediaFacotry/Info.plist;
				IPHONEOS_DEPLOYMENT_TARGET = 8.0;
				LD_RUNPATH_SEARCH_PATHS = "$(inherited) @executable_path/Frameworks";
				PRODUCT_BUNDLE_IDENTIFIER = com.HM.MediaFacotry;
				PRODUCT_NAME = "$(TARGET_NAME)";
				TARGETED_DEVICE_FAMILY = "1,2";
			};
			name = Release;
		};
		27B8D25C1FC3A62900CCF9C9 /* Debug */ = {
			isa = XCBuildConfiguration;
			buildSettings = {
				BUNDLE_LOADER = "$(TEST_HOST)";
				CODE_SIGN_STYLE = Automatic;
				DEVELOPMENT_TEAM = MA75X9QV5V;
				INFOPLIST_FILE = MediaFacotryTests/Info.plist;
				LD_RUNPATH_SEARCH_PATHS = "$(inherited) @executable_path/Frameworks @loader_path/Frameworks";
				PRODUCT_BUNDLE_IDENTIFIER = com.HM.MediaFacotryTests;
				PRODUCT_NAME = "$(TARGET_NAME)";
				TARGETED_DEVICE_FAMILY = "1,2";
				TEST_HOST = "$(BUILT_PRODUCTS_DIR)/MediaFacotry.app/MediaFacotry";
			};
			name = Debug;
		};
		27B8D25D1FC3A62900CCF9C9 /* Release */ = {
			isa = XCBuildConfiguration;
			buildSettings = {
				BUNDLE_LOADER = "$(TEST_HOST)";
				CODE_SIGN_STYLE = Automatic;
				DEVELOPMENT_TEAM = MA75X9QV5V;
				INFOPLIST_FILE = MediaFacotryTests/Info.plist;
				LD_RUNPATH_SEARCH_PATHS = "$(inherited) @executable_path/Frameworks @loader_path/Frameworks";
				PRODUCT_BUNDLE_IDENTIFIER = com.HM.MediaFacotryTests;
				PRODUCT_NAME = "$(TARGET_NAME)";
				TARGETED_DEVICE_FAMILY = "1,2";
				TEST_HOST = "$(BUILT_PRODUCTS_DIR)/MediaFacotry.app/MediaFacotry";
			};
			name = Release;
		};
		27B8D25F1FC3A62900CCF9C9 /* Debug */ = {
			isa = XCBuildConfiguration;
			buildSettings = {
				CODE_SIGN_STYLE = Automatic;
				DEVELOPMENT_TEAM = MA75X9QV5V;
				INFOPLIST_FILE = MediaFacotryUITests/Info.plist;
				LD_RUNPATH_SEARCH_PATHS = "$(inherited) @executable_path/Frameworks @loader_path/Frameworks";
				PRODUCT_BUNDLE_IDENTIFIER = com.HM.MediaFacotryUITests;
				PRODUCT_NAME = "$(TARGET_NAME)";
				TARGETED_DEVICE_FAMILY = "1,2";
				TEST_TARGET_NAME = MediaFacotry;
			};
			name = Debug;
		};
		27B8D2601FC3A62900CCF9C9 /* Release */ = {
			isa = XCBuildConfiguration;
			buildSettings = {
				CODE_SIGN_STYLE = Automatic;
				DEVELOPMENT_TEAM = MA75X9QV5V;
				INFOPLIST_FILE = MediaFacotryUITests/Info.plist;
				LD_RUNPATH_SEARCH_PATHS = "$(inherited) @executable_path/Frameworks @loader_path/Frameworks";
				PRODUCT_BUNDLE_IDENTIFIER = com.HM.MediaFacotryUITests;
				PRODUCT_NAME = "$(TARGET_NAME)";
				TARGETED_DEVICE_FAMILY = "1,2";
				TEST_TARGET_NAME = MediaFacotry;
			};
			name = Release;
		};
/* End XCBuildConfiguration section */

/* Begin XCConfigurationList section */
		27B8D2271FC3A62900CCF9C9 /* Build configuration list for PBXProject "MediaFacotry" */ = {
			isa = XCConfigurationList;
			buildConfigurations = (
				27B8D2561FC3A62900CCF9C9 /* Debug */,
				27B8D2571FC3A62900CCF9C9 /* Release */,
			);
			defaultConfigurationIsVisible = 0;
			defaultConfigurationName = Release;
		};
		27B8D2581FC3A62900CCF9C9 /* Build configuration list for PBXNativeTarget "MediaFacotry" */ = {
			isa = XCConfigurationList;
			buildConfigurations = (
				27B8D2591FC3A62900CCF9C9 /* Debug */,
				27B8D25A1FC3A62900CCF9C9 /* Release */,
			);
			defaultConfigurationIsVisible = 0;
			defaultConfigurationName = Release;
		};
		27B8D25B1FC3A62900CCF9C9 /* Build configuration list for PBXNativeTarget "MediaFacotryTests" */ = {
			isa = XCConfigurationList;
			buildConfigurations = (
				27B8D25C1FC3A62900CCF9C9 /* Debug */,
				27B8D25D1FC3A62900CCF9C9 /* Release */,
			);
			defaultConfigurationIsVisible = 0;
			defaultConfigurationName = Release;
		};
		27B8D25E1FC3A62900CCF9C9 /* Build configuration list for PBXNativeTarget "MediaFacotryUITests" */ = {
			isa = XCConfigurationList;
			buildConfigurations = (
				27B8D25F1FC3A62900CCF9C9 /* Debug */,
				27B8D2601FC3A62900CCF9C9 /* Release */,
			);
			defaultConfigurationIsVisible = 0;
			defaultConfigurationName = Release;
		};
/* End XCConfigurationList section */
	};
	rootObject = 27B8D2241FC3A62900CCF9C9 /* Project object */;
}
