// !$*UTF8*$!
{
	archiveVersion = 1;
	classes = {
	};
	objectVersion = 48;
	objects = {

/* Begin PBXBuildFile section */
		2720BB6E1FCD8E49005EE7CE /* defaultImage.png in Resources */ = {isa = PBXBuildFile; fileRef = 2720BB6D1FCD8E49005EE7CE /* defaultImage.png */; };
		2720BB711FCDA1CD005EE7CE /* MediaImageView.m in Sources */ = {isa = PBXBuildFile; fileRef = 2720BB701FCDA1CD005EE7CE /* MediaImageView.m */; };
		2720BB741FCDA297005EE7CE /* MediaCacheView.m in Sources */ = {isa = PBXBuildFile; fileRef = 2720BB731FCDA297005EE7CE /* MediaCacheView.m */; };
		2728CCBB1FC4412900331874 /* MediaModel.m in Sources */ = {isa = PBXBuildFile; fileRef = 2728CCBA1FC4412900331874 /* MediaModel.m */; };
		2728CCBF1FC4657A00331874 /* MediaProgressHUD.m in Sources */ = {isa = PBXBuildFile; fileRef = 2728CCBE1FC4657A00331874 /* MediaProgressHUD.m */; };
		2728CCC21FC466C900331874 /* MediaStyle.m in Sources */ = {isa = PBXBuildFile; fileRef = 2728CCC11FC466C900331874 /* MediaStyle.m */; };
		2728CCC51FC468E800331874 /* MediaTool.m in Sources */ = {isa = PBXBuildFile; fileRef = 2728CCC41FC468E800331874 /* MediaTool.m */; };
		2740BA0F1FCAED620000C2BC /* MediaButton.m in Sources */ = {isa = PBXBuildFile; fileRef = 2740BA0E1FCAED620000C2BC /* MediaButton.m */; };
		274ED6C11FC8FDE400DB7B1E /* DataDownloadManager.m in Sources */ = {isa = PBXBuildFile; fileRef = 274ED6C01FC8FDE400DB7B1E /* DataDownloadManager.m */; };
		274ED6C41FC900AE00DB7B1E /* DataDownloadModel.m in Sources */ = {isa = PBXBuildFile; fileRef = 274ED6C31FC900AE00DB7B1E /* DataDownloadModel.m */; };
		274ED6C81FC9025100DB7B1E /* DataDownloadProgress.m in Sources */ = {isa = PBXBuildFile; fileRef = 274ED6C71FC9025100DB7B1E /* DataDownloadProgress.m */; };
		2760DDDD1FCF8AB60013DD7E /* MediaLocalized.m in Sources */ = {isa = PBXBuildFile; fileRef = 2760DDDC1FCF8AB60013DD7E /* MediaLocalized.m */; };
		2760DDE01FCF8CAB0013DD7E /* MediaCSVParser.m in Sources */ = {isa = PBXBuildFile; fileRef = 2760DDDF1FCF8CAB0013DD7E /* MediaCSVParser.m */; };
		2760DDE21FCFAA4A0013DD7E /* source.strings in Resources */ = {isa = PBXBuildFile; fileRef = 2760DDE11FCFAA4A0013DD7E /* source.strings */; };
		2760DDE91FCFDF450013DD7E /* MediaAuthorityViewController.m in Sources */ = {isa = PBXBuildFile; fileRef = 2760DDE81FCFDF450013DD7E /* MediaAuthorityViewController.m */; };
		2760DDEC1FCFE5A70013DD7E /* MediaShiningLabel.m in Sources */ = {isa = PBXBuildFile; fileRef = 2760DDEB1FCFE5A70013DD7E /* MediaShiningLabel.m */; };
		2760DDF61FCFE9CE0013DD7E /* MediaPlayer.m in Sources */ = {isa = PBXBuildFile; fileRef = 2760DDF51FCFE9CE0013DD7E /* MediaPlayer.m */; };
		2760DDFB1FCFEFEB0013DD7E /* MediaCamera.m in Sources */ = {isa = PBXBuildFile; fileRef = 2760DDFA1FCFEFEB0013DD7E /* MediaCamera.m */; };
		2760DDFE1FCFF3540013DD7E /* MediaRecordButton.m in Sources */ = {isa = PBXBuildFile; fileRef = 2760DDFD1FCFF3540013DD7E /* MediaRecordButton.m */; };
		2760DE021FCFF5AC0013DD7E /* MediaEditVideoViewController.m in Sources */ = {isa = PBXBuildFile; fileRef = 2760DE011FCFF5AC0013DD7E /* MediaEditVideoViewController.m */; };
		2760DE071FCFF64E0013DD7E /* MediaToast.m in Sources */ = {isa = PBXBuildFile; fileRef = 2760DE061FCFF64E0013DD7E /* MediaToast.m */; };
		2760DE0E1FD00BAC0013DD7E /* MediaEditImageViewController.m in Sources */ = {isa = PBXBuildFile; fileRef = 2760DE0D1FD00BAC0013DD7E /* MediaEditImageViewController.m */; };
		2760DE121FD01BB00013DD7E /* Media3DTouchViewController.m in Sources */ = {isa = PBXBuildFile; fileRef = 2760DE111FD01BB00013DD7E /* Media3DTouchViewController.m */; };
		2760DE161FD01DD90013DD7E /* MediaCollectionViewController.m in Sources */ = {isa = PBXBuildFile; fileRef = 2760DE151FD01DD90013DD7E /* MediaCollectionViewController.m */; };
		2760DE411FD024760013DD7E /* livePhoto@3x.png in Resources */ = {isa = PBXBuildFile; fileRef = 2760DE181FD024740013DD7E /* livePhoto@3x.png */; };
		2760DE421FD024760013DD7E /* video@2x.png in Resources */ = {isa = PBXBuildFile; fileRef = 2760DE191FD024740013DD7E /* video@2x.png */; };
		2760DE431FD024760013DD7E /* videoView@2x.png in Resources */ = {isa = PBXBuildFile; fileRef = 2760DE1A1FD024740013DD7E /* videoView@2x.png */; };
		2760DE441FD024760013DD7E /* btn_original_circle.png in Resources */ = {isa = PBXBuildFile; fileRef = 2760DE1B1FD024740013DD7E /* btn_original_circle.png */; };
		2760DE451FD024760013DD7E /* takePhoto@2x.png in Resources */ = {isa = PBXBuildFile; fileRef = 2760DE1C1FD024740013DD7E /* takePhoto@2x.png */; };
		2760DE461FD024760013DD7E /* btn_selected@3x.png in Resources */ = {isa = PBXBuildFile; fileRef = 2760DE1D1FD024740013DD7E /* btn_selected@3x.png */; };
		2760DE471FD024760013DD7E /* takePhoto@3x.png in Resources */ = {isa = PBXBuildFile; fileRef = 2760DE1E1FD024740013DD7E /* takePhoto@3x.png */; };
		2760DE481FD024760013DD7E /* videoView@3x.png in Resources */ = {isa = PBXBuildFile; fileRef = 2760DE1F1FD024740013DD7E /* videoView@3x.png */; };
		2760DE491FD024760013DD7E /* toggle_camera@2x.png in Resources */ = {isa = PBXBuildFile; fileRef = 2760DE201FD024740013DD7E /* toggle_camera@2x.png */; };
		2760DE4A1FD024760013DD7E /* ic_left@3x.png in Resources */ = {isa = PBXBuildFile; fileRef = 2760DE211FD024740013DD7E /* ic_left@3x.png */; };
		2760DE4B1FD024760013DD7E /* focus@3x.png in Resources */ = {isa = PBXBuildFile; fileRef = 2760DE221FD024740013DD7E /* focus@3x.png */; };
		2760DE4C1FD024760013DD7E /* focus@2x.png in Resources */ = {isa = PBXBuildFile; fileRef = 2760DE231FD024740013DD7E /* focus@2x.png */; };
		2760DE4D1FD024760013DD7E /* takeok@2x.png in Resources */ = {isa = PBXBuildFile; fileRef = 2760DE241FD024750013DD7E /* takeok@2x.png */; };
		2760DE4E1FD024760013DD7E /* video@3x.png in Resources */ = {isa = PBXBuildFile; fileRef = 2760DE251FD024750013DD7E /* video@3x.png */; };
		2760DE4F1FD024760013DD7E /* btn_original_circle@2x.png in Resources */ = {isa = PBXBuildFile; fileRef = 2760DE261FD024750013DD7E /* btn_original_circle@2x.png */; };
		2760DE501FD024760013DD7E /* retake@2x.png in Resources */ = {isa = PBXBuildFile; fileRef = 2760DE271FD024750013DD7E /* retake@2x.png */; };
		2760DE511FD024760013DD7E /* playVideo@2x.png in Resources */ = {isa = PBXBuildFile; fileRef = 2760DE281FD024750013DD7E /* playVideo@2x.png */; };
		2760DE521FD024760013DD7E /* ic_right@3x.png in Resources */ = {isa = PBXBuildFile; fileRef = 2760DE291FD024750013DD7E /* ic_right@3x.png */; };
		2760DE531FD024760013DD7E /* livePhoto@2x.png in Resources */ = {isa = PBXBuildFile; fileRef = 2760DE2A1FD024750013DD7E /* livePhoto@2x.png */; };
		2760DE541FD024760013DD7E /* btn_rotate.png in Resources */ = {isa = PBXBuildFile; fileRef = 2760DE2B1FD024750013DD7E /* btn_rotate.png */; };
		2760DE551FD024760013DD7E /* btn_unselected.png in Resources */ = {isa = PBXBuildFile; fileRef = 2760DE2C1FD024750013DD7E /* btn_unselected.png */; };
		2760DE561FD024760013DD7E /* btn_unselected@2x.png in Resources */ = {isa = PBXBuildFile; fileRef = 2760DE2D1FD024750013DD7E /* btn_unselected@2x.png */; };
		2760DE571FD024760013DD7E /* ic_right@2x.png in Resources */ = {isa = PBXBuildFile; fileRef = 2760DE2E1FD024760013DD7E /* ic_right@2x.png */; };
		2760DE581FD024760013DD7E /* btn_circle@3x.png in Resources */ = {isa = PBXBuildFile; fileRef = 2760DE2F1FD024760013DD7E /* btn_circle@3x.png */; };
		2760DE591FD024760013DD7E /* defaultphoto.png in Resources */ = {isa = PBXBuildFile; fileRef = 2760DE301FD024760013DD7E /* defaultphoto.png */; };
		2760DE5A1FD024760013DD7E /* arrow_down@2x.png in Resources */ = {isa = PBXBuildFile; fileRef = 2760DE311FD024760013DD7E /* arrow_down@2x.png */; };
		2760DE5B1FD024760013DD7E /* arrow_down@3x.png in Resources */ = {isa = PBXBuildFile; fileRef = 2760DE321FD024760013DD7E /* arrow_down@3x.png */; };
		2760DE5C1FD024760013DD7E /* videoLoadFailed@3x.png in Resources */ = {isa = PBXBuildFile; fileRef = 2760DE331FD024760013DD7E /* videoLoadFailed@3x.png */; };
		2760DE5D1FD024760013DD7E /* playVideo@3x.png in Resources */ = {isa = PBXBuildFile; fileRef = 2760DE341FD024760013DD7E /* playVideo@3x.png */; };
		2760DE5E1FD024760013DD7E /* lock.png in Resources */ = {isa = PBXBuildFile; fileRef = 2760DE351FD024760013DD7E /* lock.png */; };
		2760DE5F1FD024760013DD7E /* btn_selected@2x.png in Resources */ = {isa = PBXBuildFile; fileRef = 2760DE361FD024760013DD7E /* btn_selected@2x.png */; };
		2760DE601FD024760013DD7E /* btn_selected.png in Resources */ = {isa = PBXBuildFile; fileRef = 2760DE371FD024760013DD7E /* btn_selected.png */; };
		2760DE611FD024760013DD7E /* navBackBtn@2x.png in Resources */ = {isa = PBXBuildFile; fileRef = 2760DE381FD024760013DD7E /* navBackBtn@2x.png */; };
		2760DE621FD024760013DD7E /* btn_unselected@3x.png in Resources */ = {isa = PBXBuildFile; fileRef = 2760DE391FD024760013DD7E /* btn_unselected@3x.png */; };
		2760DE631FD024760013DD7E /* btn_circle@2x.png in Resources */ = {isa = PBXBuildFile; fileRef = 2760DE3A1FD024760013DD7E /* btn_circle@2x.png */; };
		2760DE641FD024760013DD7E /* btn_original_circle@3x.png in Resources */ = {isa = PBXBuildFile; fileRef = 2760DE3B1FD024760013DD7E /* btn_original_circle@3x.png */; };
		2760DE651FD024760013DD7E /* retake@3x.png in Resources */ = {isa = PBXBuildFile; fileRef = 2760DE3C1FD024760013DD7E /* retake@3x.png */; };
		2760DE661FD024760013DD7E /* ic_left@2x.png in Resources */ = {isa = PBXBuildFile; fileRef = 2760DE3D1FD024760013DD7E /* ic_left@2x.png */; };
		2760DE671FD024760013DD7E /* toggle_camera@3x.png in Resources */ = {isa = PBXBuildFile; fileRef = 2760DE3E1FD024760013DD7E /* toggle_camera@3x.png */; };
		2760DE681FD024760013DD7E /* videoLoadFailed@2x.png in Resources */ = {isa = PBXBuildFile; fileRef = 2760DE3F1FD024760013DD7E /* videoLoadFailed@2x.png */; };
		2760DE691FD024760013DD7E /* takeok@3x.png in Resources */ = {isa = PBXBuildFile; fileRef = 2760DE401FD024760013DD7E /* takeok@3x.png */; };
		2760DE6D1FD0267A0013DD7E /* MediaCollectionCell.m in Sources */ = {isa = PBXBuildFile; fileRef = 2760DE6C1FD0267A0013DD7E /* MediaCollectionCell.m */; };
		2760DE711FD026F60013DD7E /* MediaLargeImageCell.m in Sources */ = {isa = PBXBuildFile; fileRef = 2760DE701FD026F60013DD7E /* MediaLargeImageCell.m */; };
		2760DE741FD033120013DD7E /* MediaCameraViewController.m in Sources */ = {isa = PBXBuildFile; fileRef = 2760DE731FD033120013DD7E /* MediaCameraViewController.m */; };
		2760DE781FD039410013DD7E /* MediaLargeImageViewController.m in Sources */ = {isa = PBXBuildFile; fileRef = 2760DE771FD039410013DD7E /* MediaLargeImageViewController.m */; };
		276257681FC65FE40018500C /* MediaCollectionView.m in Sources */ = {isa = PBXBuildFile; fileRef = 276257671FC65FE40018500C /* MediaCollectionView.m */; };
		27862A4B1FCE4D0E00DA022F /* MediaGIFImageView.m in Sources */ = {isa = PBXBuildFile; fileRef = 27862A4A1FCE4D0E00DA022F /* MediaGIFImageView.m */; };
		27862A4F1FCE58DB00DA022F /* MediaSourceCache.m in Sources */ = {isa = PBXBuildFile; fileRef = 27862A4E1FCE58DB00DA022F /* MediaSourceCache.m */; };
		27862A591FCE7F3200DA022F /* MediaPhoto.m in Sources */ = {isa = PBXBuildFile; fileRef = 27862A581FCE7F3200DA022F /* MediaPhoto.m */; };
		27B8D2311FC3A62900CCF9C9 /* AppDelegate.m in Sources */ = {isa = PBXBuildFile; fileRef = 27B8D2301FC3A62900CCF9C9 /* AppDelegate.m */; };
		27B8D2341FC3A62900CCF9C9 /* ViewController.m in Sources */ = {isa = PBXBuildFile; fileRef = 27B8D2331FC3A62900CCF9C9 /* ViewController.m */; };
		27B8D2371FC3A62900CCF9C9 /* Main.storyboard in Resources */ = {isa = PBXBuildFile; fileRef = 27B8D2351FC3A62900CCF9C9 /* Main.storyboard */; };
		27B8D2391FC3A62900CCF9C9 /* Assets.xcassets in Resources */ = {isa = PBXBuildFile; fileRef = 27B8D2381FC3A62900CCF9C9 /* Assets.xcassets */; };
		27B8D23C1FC3A62900CCF9C9 /* LaunchScreen.storyboard in Resources */ = {isa = PBXBuildFile; fileRef = 27B8D23A1FC3A62900CCF9C9 /* LaunchScreen.storyboard */; };
		27B8D23F1FC3A62900CCF9C9 /* main.m in Sources */ = {isa = PBXBuildFile; fileRef = 27B8D23E1FC3A62900CCF9C9 /* main.m */; };
		27B8D2491FC3A62900CCF9C9 /* MediaFacotryTests.m in Sources */ = {isa = PBXBuildFile; fileRef = 27B8D2481FC3A62900CCF9C9 /* MediaFacotryTests.m */; };
		27B8D2541FC3A62900CCF9C9 /* MediaFacotryUITests.m in Sources */ = {isa = PBXBuildFile; fileRef = 27B8D2531FC3A62900CCF9C9 /* MediaFacotryUITests.m */; };
		27B8D2651FC3AC2800CCF9C9 /* MediaNavgationController.m in Sources */ = {isa = PBXBuildFile; fileRef = 27B8D2641FC3AC2800CCF9C9 /* MediaNavgationController.m */; };
		27B8D2681FC3ACE200CCF9C9 /* MediaFactory.m in Sources */ = {isa = PBXBuildFile; fileRef = 27B8D2671FC3ACE200CCF9C9 /* MediaFactory.m */; };
		27B8D26E1FC3B05F00CCF9C9 /* MediaExtension.m in Sources */ = {isa = PBXBuildFile; fileRef = 27B8D26D1FC3B05F00CCF9C9 /* MediaExtension.m */; };
/* End PBXBuildFile section */

/* Begin PBXContainerItemProxy section */
		27B8D2451FC3A62900CCF9C9 /* PBXContainerItemProxy */ = {
			isa = PBXContainerItemProxy;
			containerPortal = 27B8D2241FC3A62900CCF9C9 /* Project object */;
			proxyType = 1;
			remoteGlobalIDString = 27B8D22B1FC3A62900CCF9C9;
			remoteInfo = MediaFacotry;
		};
		27B8D2501FC3A62900CCF9C9 /* PBXContainerItemProxy */ = {
			isa = PBXContainerItemProxy;
			containerPortal = 27B8D2241FC3A62900CCF9C9 /* Project object */;
			proxyType = 1;
			remoteGlobalIDString = 27B8D22B1FC3A62900CCF9C9;
			remoteInfo = MediaFacotry;
		};
/* End PBXContainerItemProxy section */

/* Begin PBXFileReference section */
		2720BB6D1FCD8E49005EE7CE /* defaultImage.png */ = {isa = PBXFileReference; lastKnownFileType = image.png; path = defaultImage.png; sourceTree = "<group>"; };
		2720BB6F1FCDA1CD005EE7CE /* MediaImageView.h */ = {isa = PBXFileReference; lastKnownFileType = sourcecode.c.h; path = MediaImageView.h; sourceTree = "<group>"; };
		2720BB701FCDA1CD005EE7CE /* MediaImageView.m */ = {isa = PBXFileReference; lastKnownFileType = sourcecode.c.objc; path = MediaImageView.m; sourceTree = "<group>"; };
		2720BB721FCDA297005EE7CE /* MediaCacheView.h */ = {isa = PBXFileReference; lastKnownFileType = sourcecode.c.h; path = MediaCacheView.h; sourceTree = "<group>"; };
		2720BB731FCDA297005EE7CE /* MediaCacheView.m */ = {isa = PBXFileReference; lastKnownFileType = sourcecode.c.objc; path = MediaCacheView.m; sourceTree = "<group>"; };
		2720BB751FCDA413005EE7CE /* MediaCacheViewHeader.h */ = {isa = PBXFileReference; lastKnownFileType = sourcecode.c.h; path = MediaCacheViewHeader.h; sourceTree = "<group>"; };
		2728CCB91FC4412900331874 /* MediaModel.h */ = {isa = PBXFileReference; lastKnownFileType = sourcecode.c.h; path = MediaModel.h; sourceTree = "<group>"; };
		2728CCBA1FC4412900331874 /* MediaModel.m */ = {isa = PBXFileReference; lastKnownFileType = sourcecode.c.objc; path = MediaModel.m; sourceTree = "<group>"; };
		2728CCBD1FC4657A00331874 /* MediaProgressHUD.h */ = {isa = PBXFileReference; lastKnownFileType = sourcecode.c.h; path = MediaProgressHUD.h; sourceTree = "<group>"; };
		2728CCBE1FC4657A00331874 /* MediaProgressHUD.m */ = {isa = PBXFileReference; lastKnownFileType = sourcecode.c.objc; path = MediaProgressHUD.m; sourceTree = "<group>"; };
		2728CCC01FC466C900331874 /* MediaStyle.h */ = {isa = PBXFileReference; lastKnownFileType = sourcecode.c.h; path = MediaStyle.h; sourceTree = "<group>"; };
		2728CCC11FC466C900331874 /* MediaStyle.m */ = {isa = PBXFileReference; lastKnownFileType = sourcecode.c.objc; path = MediaStyle.m; sourceTree = "<group>"; };
		2728CCC31FC468E800331874 /* MediaTool.h */ = {isa = PBXFileReference; lastKnownFileType = sourcecode.c.h; path = MediaTool.h; sourceTree = "<group>"; };
		2728CCC41FC468E800331874 /* MediaTool.m */ = {isa = PBXFileReference; lastKnownFileType = sourcecode.c.objc; path = MediaTool.m; sourceTree = "<group>"; };
		2740BA0D1FCAED620000C2BC /* MediaButton.h */ = {isa = PBXFileReference; lastKnownFileType = sourcecode.c.h; path = MediaButton.h; sourceTree = "<group>"; };
		2740BA0E1FCAED620000C2BC /* MediaButton.m */ = {isa = PBXFileReference; lastKnownFileType = sourcecode.c.objc; path = MediaButton.m; sourceTree = "<group>"; };
		274ED6BF1FC8FDE400DB7B1E /* DataDownloadManager.h */ = {isa = PBXFileReference; lastKnownFileType = sourcecode.c.h; path = DataDownloadManager.h; sourceTree = "<group>"; };
		274ED6C01FC8FDE400DB7B1E /* DataDownloadManager.m */ = {isa = PBXFileReference; lastKnownFileType = sourcecode.c.objc; path = DataDownloadManager.m; sourceTree = "<group>"; };
		274ED6C21FC900AE00DB7B1E /* DataDownloadModel.h */ = {isa = PBXFileReference; lastKnownFileType = sourcecode.c.h; path = DataDownloadModel.h; sourceTree = "<group>"; };
		274ED6C31FC900AE00DB7B1E /* DataDownloadModel.m */ = {isa = PBXFileReference; lastKnownFileType = sourcecode.c.objc; path = DataDownloadModel.m; sourceTree = "<group>"; };
		274ED6C51FC9015200DB7B1E /* DataDownloadHeader.h */ = {isa = PBXFileReference; lastKnownFileType = sourcecode.c.h; path = DataDownloadHeader.h; sourceTree = "<group>"; };
		274ED6C61FC9025100DB7B1E /* DataDownloadProgress.h */ = {isa = PBXFileReference; lastKnownFileType = sourcecode.c.h; path = DataDownloadProgress.h; sourceTree = "<group>"; };
		274ED6C71FC9025100DB7B1E /* DataDownloadProgress.m */ = {isa = PBXFileReference; lastKnownFileType = sourcecode.c.objc; path = DataDownloadProgress.m; sourceTree = "<group>"; };
		2760DDDB1FCF8AB60013DD7E /* MediaLoalized.h */ = {isa = PBXFileReference; lastKnownFileType = sourcecode.c.h; path = MediaLoalized.h; sourceTree = "<group>"; };
		2760DDDC1FCF8AB60013DD7E /* MediaLocalized.m */ = {isa = PBXFileReference; lastKnownFileType = sourcecode.c.objc; path = MediaLocalized.m; sourceTree = "<group>"; };
		2760DDDE1FCF8CAB0013DD7E /* MediaCSVParser.h */ = {isa = PBXFileReference; lastKnownFileType = sourcecode.c.h; path = MediaCSVParser.h; sourceTree = "<group>"; };
		2760DDDF1FCF8CAB0013DD7E /* MediaCSVParser.m */ = {isa = PBXFileReference; lastKnownFileType = sourcecode.c.objc; path = MediaCSVParser.m; sourceTree = "<group>"; };
		2760DDE11FCFAA4A0013DD7E /* source.strings */ = {isa = PBXFileReference; lastKnownFileType = text.plist.strings; path = source.strings; sourceTree = "<group>"; };
		2760DDE31FCFD10F0013DD7E /* EnumHeader.h */ = {isa = PBXFileReference; lastKnownFileType = sourcecode.c.h; path = EnumHeader.h; sourceTree = "<group>"; };
		2760DDE71FCFDF450013DD7E /* MediaAuthorityViewController.h */ = {isa = PBXFileReference; lastKnownFileType = sourcecode.c.h; path = MediaAuthorityViewController.h; sourceTree = "<group>"; };
		2760DDE81FCFDF450013DD7E /* MediaAuthorityViewController.m */ = {isa = PBXFileReference; lastKnownFileType = sourcecode.c.objc; path = MediaAuthorityViewController.m; sourceTree = "<group>"; };
		2760DDEA1FCFE5A70013DD7E /* MediaShiningLabel.h */ = {isa = PBXFileReference; lastKnownFileType = sourcecode.c.h; path = MediaShiningLabel.h; sourceTree = "<group>"; };
		2760DDEB1FCFE5A70013DD7E /* MediaShiningLabel.m */ = {isa = PBXFileReference; lastKnownFileType = sourcecode.c.objc; path = MediaShiningLabel.m; sourceTree = "<group>"; };
		2760DDF41FCFE9CE0013DD7E /* MediaPlayer.h */ = {isa = PBXFileReference; fileEncoding = 4; lastKnownFileType = sourcecode.c.h; path = MediaPlayer.h; sourceTree = "<group>"; };
		2760DDF51FCFE9CE0013DD7E /* MediaPlayer.m */ = {isa = PBXFileReference; fileEncoding = 4; lastKnownFileType = sourcecode.c.objc; path = MediaPlayer.m; sourceTree = "<group>"; };
		2760DDF91FCFEFEB0013DD7E /* MediaCamera.h */ = {isa = PBXFileReference; lastKnownFileType = sourcecode.c.h; path = MediaCamera.h; sourceTree = "<group>"; };
		2760DDFA1FCFEFEB0013DD7E /* MediaCamera.m */ = {isa = PBXFileReference; lastKnownFileType = sourcecode.c.objc; path = MediaCamera.m; sourceTree = "<group>"; };
		2760DDFC1FCFF3540013DD7E /* MediaRecordButton.h */ = {isa = PBXFileReference; lastKnownFileType = sourcecode.c.h; path = MediaRecordButton.h; sourceTree = "<group>"; };
		2760DDFD1FCFF3540013DD7E /* MediaRecordButton.m */ = {isa = PBXFileReference; lastKnownFileType = sourcecode.c.objc; path = MediaRecordButton.m; sourceTree = "<group>"; };
		2760DE001FCFF5AC0013DD7E /* MediaEditVideoViewController.h */ = {isa = PBXFileReference; lastKnownFileType = sourcecode.c.h; path = MediaEditVideoViewController.h; sourceTree = "<group>"; };
		2760DE011FCFF5AC0013DD7E /* MediaEditVideoViewController.m */ = {isa = PBXFileReference; lastKnownFileType = sourcecode.c.objc; path = MediaEditVideoViewController.m; sourceTree = "<group>"; };
		2760DE051FCFF64E0013DD7E /* MediaToast.h */ = {isa = PBXFileReference; lastKnownFileType = sourcecode.c.h; path = MediaToast.h; sourceTree = "<group>"; };
		2760DE061FCFF64E0013DD7E /* MediaToast.m */ = {isa = PBXFileReference; lastKnownFileType = sourcecode.c.objc; path = MediaToast.m; sourceTree = "<group>"; };
		2760DE0C1FD00BAC0013DD7E /* MediaEditImageViewController.h */ = {isa = PBXFileReference; lastKnownFileType = sourcecode.c.h; path = MediaEditImageViewController.h; sourceTree = "<group>"; };
		2760DE0D1FD00BAC0013DD7E /* MediaEditImageViewController.m */ = {isa = PBXFileReference; lastKnownFileType = sourcecode.c.objc; path = MediaEditImageViewController.m; sourceTree = "<group>"; };
		2760DE101FD01BB00013DD7E /* Media3DTouchViewController.h */ = {isa = PBXFileReference; lastKnownFileType = sourcecode.c.h; path = Media3DTouchViewController.h; sourceTree = "<group>"; };
		2760DE111FD01BB00013DD7E /* Media3DTouchViewController.m */ = {isa = PBXFileReference; lastKnownFileType = sourcecode.c.objc; path = Media3DTouchViewController.m; sourceTree = "<group>"; };
		2760DE141FD01DD90013DD7E /* MediaCollectionViewController.h */ = {isa = PBXFileReference; lastKnownFileType = sourcecode.c.h; path = MediaCollectionViewController.h; sourceTree = "<group>"; };
		2760DE151FD01DD90013DD7E /* MediaCollectionViewController.m */ = {isa = PBXFileReference; lastKnownFileType = sourcecode.c.objc; path = MediaCollectionViewController.m; sourceTree = "<group>"; };
		2760DE181FD024740013DD7E /* livePhoto@3x.png */ = {isa = PBXFileReference; lastKnownFileType = image.png; path = "livePhoto@3x.png"; sourceTree = "<group>"; };
		2760DE191FD024740013DD7E /* video@2x.png */ = {isa = PBXFileReference; lastKnownFileType = image.png; path = "video@2x.png"; sourceTree = "<group>"; };
		2760DE1A1FD024740013DD7E /* videoView@2x.png */ = {isa = PBXFileReference; lastKnownFileType = image.png; path = "videoView@2x.png"; sourceTree = "<group>"; };
		2760DE1B1FD024740013DD7E /* btn_original_circle.png */ = {isa = PBXFileReference; lastKnownFileType = image.png; path = btn_original_circle.png; sourceTree = "<group>"; };
		2760DE1C1FD024740013DD7E /* takePhoto@2x.png */ = {isa = PBXFileReference; lastKnownFileType = image.png; path = "takePhoto@2x.png"; sourceTree = "<group>"; };
		2760DE1D1FD024740013DD7E /* btn_selected@3x.png */ = {isa = PBXFileReference; lastKnownFileType = image.png; path = "btn_selected@3x.png"; sourceTree = "<group>"; };
		2760DE1E1FD024740013DD7E /* takePhoto@3x.png */ = {isa = PBXFileReference; lastKnownFileType = image.png; path = "takePhoto@3x.png"; sourceTree = "<group>"; };
		2760DE1F1FD024740013DD7E /* videoView@3x.png */ = {isa = PBXFileReference; lastKnownFileType = image.png; path = "videoView@3x.png"; sourceTree = "<group>"; };
		2760DE201FD024740013DD7E /* toggle_camera@2x.png */ = {isa = PBXFileReference; lastKnownFileType = image.png; path = "toggle_camera@2x.png"; sourceTree = "<group>"; };
		2760DE211FD024740013DD7E /* ic_left@3x.png */ = {isa = PBXFileReference; lastKnownFileType = image.png; path = "ic_left@3x.png"; sourceTree = "<group>"; };
		2760DE221FD024740013DD7E /* focus@3x.png */ = {isa = PBXFileReference; lastKnownFileType = image.png; path = "focus@3x.png"; sourceTree = "<group>"; };
		2760DE231FD024740013DD7E /* focus@2x.png */ = {isa = PBXFileReference; lastKnownFileType = image.png; path = "focus@2x.png"; sourceTree = "<group>"; };
		2760DE241FD024750013DD7E /* takeok@2x.png */ = {isa = PBXFileReference; lastKnownFileType = image.png; path = "takeok@2x.png"; sourceTree = "<group>"; };
		2760DE251FD024750013DD7E /* video@3x.png */ = {isa = PBXFileReference; lastKnownFileType = image.png; path = "video@3x.png"; sourceTree = "<group>"; };
		2760DE261FD024750013DD7E /* btn_original_circle@2x.png */ = {isa = PBXFileReference; lastKnownFileType = image.png; path = "btn_original_circle@2x.png"; sourceTree = "<group>"; };
		2760DE271FD024750013DD7E /* retake@2x.png */ = {isa = PBXFileReference; lastKnownFileType = image.png; path = "retake@2x.png"; sourceTree = "<group>"; };
		2760DE281FD024750013DD7E /* playVideo@2x.png */ = {isa = PBXFileReference; lastKnownFileType = image.png; path = "playVideo@2x.png"; sourceTree = "<group>"; };
		2760DE291FD024750013DD7E /* ic_right@3x.png */ = {isa = PBXFileReference; lastKnownFileType = image.png; path = "ic_right@3x.png"; sourceTree = "<group>"; };
		2760DE2A1FD024750013DD7E /* livePhoto@2x.png */ = {isa = PBXFileReference; lastKnownFileType = image.png; path = "livePhoto@2x.png"; sourceTree = "<group>"; };
		2760DE2B1FD024750013DD7E /* btn_rotate.png */ = {isa = PBXFileReference; lastKnownFileType = image.png; path = btn_rotate.png; sourceTree = "<group>"; };
		2760DE2C1FD024750013DD7E /* btn_unselected.png */ = {isa = PBXFileReference; lastKnownFileType = image.png; path = btn_unselected.png; sourceTree = "<group>"; };
		2760DE2D1FD024750013DD7E /* btn_unselected@2x.png */ = {isa = PBXFileReference; lastKnownFileType = image.png; path = "btn_unselected@2x.png"; sourceTree = "<group>"; };
		2760DE2E1FD024760013DD7E /* ic_right@2x.png */ = {isa = PBXFileReference; lastKnownFileType = image.png; path = "ic_right@2x.png"; sourceTree = "<group>"; };
		2760DE2F1FD024760013DD7E /* btn_circle@3x.png */ = {isa = PBXFileReference; lastKnownFileType = image.png; path = "btn_circle@3x.png"; sourceTree = "<group>"; };
		2760DE301FD024760013DD7E /* defaultphoto.png */ = {isa = PBXFileReference; lastKnownFileType = image.png; path = defaultphoto.png; sourceTree = "<group>"; };
		2760DE311FD024760013DD7E /* arrow_down@2x.png */ = {isa = PBXFileReference; lastKnownFileType = image.png; path = "arrow_down@2x.png"; sourceTree = "<group>"; };
		2760DE321FD024760013DD7E /* arrow_down@3x.png */ = {isa = PBXFileReference; lastKnownFileType = image.png; path = "arrow_down@3x.png"; sourceTree = "<group>"; };
		2760DE331FD024760013DD7E /* videoLoadFailed@3x.png */ = {isa = PBXFileReference; lastKnownFileType = image.png; path = "videoLoadFailed@3x.png"; sourceTree = "<group>"; };
		2760DE341FD024760013DD7E /* playVideo@3x.png */ = {isa = PBXFileReference; lastKnownFileType = image.png; path = "playVideo@3x.png"; sourceTree = "<group>"; };
		2760DE351FD024760013DD7E /* lock.png */ = {isa = PBXFileReference; lastKnownFileType = image.png; path = lock.png; sourceTree = "<group>"; };
		2760DE361FD024760013DD7E /* btn_selected@2x.png */ = {isa = PBXFileReference; lastKnownFileType = image.png; path = "btn_selected@2x.png"; sourceTree = "<group>"; };
		2760DE371FD024760013DD7E /* btn_selected.png */ = {isa = PBXFileReference; lastKnownFileType = image.png; path = btn_selected.png; sourceTree = "<group>"; };
		2760DE381FD024760013DD7E /* navBackBtn@2x.png */ = {isa = PBXFileReference; lastKnownFileType = image.png; path = "navBackBtn@2x.png"; sourceTree = "<group>"; };
		2760DE391FD024760013DD7E /* btn_unselected@3x.png */ = {isa = PBXFileReference; lastKnownFileType = image.png; path = "btn_unselected@3x.png"; sourceTree = "<group>"; };
		2760DE3A1FD024760013DD7E /* btn_circle@2x.png */ = {isa = PBXFileReference; lastKnownFileType = image.png; path = "btn_circle@2x.png"; sourceTree = "<group>"; };
		2760DE3B1FD024760013DD7E /* btn_original_circle@3x.png */ = {isa = PBXFileReference; lastKnownFileType = image.png; path = "btn_original_circle@3x.png"; sourceTree = "<group>"; };
		2760DE3C1FD024760013DD7E /* retake@3x.png */ = {isa = PBXFileReference; lastKnownFileType = image.png; path = "retake@3x.png"; sourceTree = "<group>"; };
		2760DE3D1FD024760013DD7E /* ic_left@2x.png */ = {isa = PBXFileReference; lastKnownFileType = image.png; path = "ic_left@2x.png"; sourceTree = "<group>"; };
		2760DE3E1FD024760013DD7E /* toggle_camera@3x.png */ = {isa = PBXFileReference; lastKnownFileType = image.png; path = "toggle_camera@3x.png"; sourceTree = "<group>"; };
		2760DE3F1FD024760013DD7E /* videoLoadFailed@2x.png */ = {isa = PBXFileReference; lastKnownFileType = image.png; path = "videoLoadFailed@2x.png"; sourceTree = "<group>"; };
		2760DE401FD024760013DD7E /* takeok@3x.png */ = {isa = PBXFileReference; lastKnownFileType = image.png; path = "takeok@3x.png"; sourceTree = "<group>"; };
		2760DE6B1FD0267A0013DD7E /* MediaCollectionCell.h */ = {isa = PBXFileReference; lastKnownFileType = sourcecode.c.h; path = MediaCollectionCell.h; sourceTree = "<group>"; };
		2760DE6C1FD0267A0013DD7E /* MediaCollectionCell.m */ = {isa = PBXFileReference; lastKnownFileType = sourcecode.c.objc; path = MediaCollectionCell.m; sourceTree = "<group>"; };
		2760DE6F1FD026F60013DD7E /* MediaLargeImageCell.h */ = {isa = PBXFileReference; lastKnownFileType = sourcecode.c.h; path = MediaLargeImageCell.h; sourceTree = "<group>"; };
		2760DE701FD026F60013DD7E /* MediaLargeImageCell.m */ = {isa = PBXFileReference; lastKnownFileType = sourcecode.c.objc; path = MediaLargeImageCell.m; sourceTree = "<group>"; };
		2760DE721FD033120013DD7E /* MediaCameraViewController.h */ = {isa = PBXFileReference; lastKnownFileType = sourcecode.c.h; path = MediaCameraViewController.h; sourceTree = "<group>"; };
		2760DE731FD033120013DD7E /* MediaCameraViewController.m */ = {isa = PBXFileReference; lastKnownFileType = sourcecode.c.objc; path = MediaCameraViewController.m; sourceTree = "<group>"; };
		2760DE761FD039410013DD7E /* MediaLargeImageViewController.h */ = {isa = PBXFileReference; lastKnownFileType = sourcecode.c.h; path = MediaLargeImageViewController.h; sourceTree = "<group>"; };
		2760DE771FD039410013DD7E /* MediaLargeImageViewController.m */ = {isa = PBXFileReference; lastKnownFileType = sourcecode.c.objc; path = MediaLargeImageViewController.m; sourceTree = "<group>"; };
		276257661FC65FE40018500C /* MediaCollectionView.h */ = {isa = PBXFileReference; lastKnownFileType = sourcecode.c.h; path = MediaCollectionView.h; sourceTree = "<group>"; };
		276257671FC65FE40018500C /* MediaCollectionView.m */ = {isa = PBXFileReference; lastKnownFileType = sourcecode.c.objc; path = MediaCollectionView.m; sourceTree = "<group>"; };
		27862A491FCE4D0E00DA022F /* MediaGIFImageView.h */ = {isa = PBXFileReference; lastKnownFileType = sourcecode.c.h; path = MediaGIFImageView.h; sourceTree = "<group>"; };
		27862A4A1FCE4D0E00DA022F /* MediaGIFImageView.m */ = {isa = PBXFileReference; lastKnownFileType = sourcecode.c.objc; path = MediaGIFImageView.m; sourceTree = "<group>"; };
		27862A4D1FCE58DB00DA022F /* MediaSourceCache.h */ = {isa = PBXFileReference; lastKnownFileType = sourcecode.c.h; path = MediaSourceCache.h; sourceTree = "<group>"; };
		27862A4E1FCE58DB00DA022F /* MediaSourceCache.m */ = {isa = PBXFileReference; lastKnownFileType = sourcecode.c.objc; path = MediaSourceCache.m; sourceTree = "<group>"; };
		27862A571FCE7F3200DA022F /* MediaPhoto.h */ = {isa = PBXFileReference; lastKnownFileType = sourcecode.c.h; path = MediaPhoto.h; sourceTree = "<group>"; };
		27862A581FCE7F3200DA022F /* MediaPhoto.m */ = {isa = PBXFileReference; lastKnownFileType = sourcecode.c.objc; path = MediaPhoto.m; sourceTree = "<group>"; };
		27B8D22C1FC3A62900CCF9C9 /* MediaFacotry.app */ = {isa = PBXFileReference; explicitFileType = wrapper.application; includeInIndex = 0; path = MediaFacotry.app; sourceTree = BUILT_PRODUCTS_DIR; };
		27B8D22F1FC3A62900CCF9C9 /* AppDelegate.h */ = {isa = PBXFileReference; lastKnownFileType = sourcecode.c.h; path = AppDelegate.h; sourceTree = "<group>"; };
		27B8D2301FC3A62900CCF9C9 /* AppDelegate.m */ = {isa = PBXFileReference; lastKnownFileType = sourcecode.c.objc; path = AppDelegate.m; sourceTree = "<group>"; };
		27B8D2321FC3A62900CCF9C9 /* ViewController.h */ = {isa = PBXFileReference; lastKnownFileType = sourcecode.c.h; path = ViewController.h; sourceTree = "<group>"; };
		27B8D2331FC3A62900CCF9C9 /* ViewController.m */ = {isa = PBXFileReference; lastKnownFileType = sourcecode.c.objc; path = ViewController.m; sourceTree = "<group>"; };
		27B8D2361FC3A62900CCF9C9 /* Base */ = {isa = PBXFileReference; lastKnownFileType = file.storyboard; name = Base; path = Base.lproj/Main.storyboard; sourceTree = "<group>"; };
		27B8D2381FC3A62900CCF9C9 /* Assets.xcassets */ = {isa = PBXFileReference; lastKnownFileType = folder.assetcatalog; path = Assets.xcassets; sourceTree = "<group>"; };
		27B8D23B1FC3A62900CCF9C9 /* Base */ = {isa = PBXFileReference; lastKnownFileType = file.storyboard; name = Base; path = Base.lproj/LaunchScreen.storyboard; sourceTree = "<group>"; };
		27B8D23D1FC3A62900CCF9C9 /* Info.plist */ = {isa = PBXFileReference; lastKnownFileType = text.plist.xml; path = Info.plist; sourceTree = "<group>"; };
		27B8D23E1FC3A62900CCF9C9 /* main.m */ = {isa = PBXFileReference; lastKnownFileType = sourcecode.c.objc; path = main.m; sourceTree = "<group>"; };
		27B8D2441FC3A62900CCF9C9 /* MediaFacotryTests.xctest */ = {isa = PBXFileReference; explicitFileType = wrapper.cfbundle; includeInIndex = 0; path = MediaFacotryTests.xctest; sourceTree = BUILT_PRODUCTS_DIR; };
		27B8D2481FC3A62900CCF9C9 /* MediaFacotryTests.m */ = {isa = PBXFileReference; lastKnownFileType = sourcecode.c.objc; path = MediaFacotryTests.m; sourceTree = "<group>"; };
		27B8D24A1FC3A62900CCF9C9 /* Info.plist */ = {isa = PBXFileReference; lastKnownFileType = text.plist.xml; path = Info.plist; sourceTree = "<group>"; };
		27B8D24F1FC3A62900CCF9C9 /* MediaFacotryUITests.xctest */ = {isa = PBXFileReference; explicitFileType = wrapper.cfbundle; includeInIndex = 0; path = MediaFacotryUITests.xctest; sourceTree = BUILT_PRODUCTS_DIR; };
		27B8D2531FC3A62900CCF9C9 /* MediaFacotryUITests.m */ = {isa = PBXFileReference; lastKnownFileType = sourcecode.c.objc; path = MediaFacotryUITests.m; sourceTree = "<group>"; };
		27B8D2551FC3A62900CCF9C9 /* Info.plist */ = {isa = PBXFileReference; lastKnownFileType = text.plist.xml; path = Info.plist; sourceTree = "<group>"; };
		27B8D2631FC3AC2800CCF9C9 /* MediaNavgationController.h */ = {isa = PBXFileReference; lastKnownFileType = sourcecode.c.h; path = MediaNavgationController.h; sourceTree = "<group>"; };
		27B8D2641FC3AC2800CCF9C9 /* MediaNavgationController.m */ = {isa = PBXFileReference; lastKnownFileType = sourcecode.c.objc; path = MediaNavgationController.m; sourceTree = "<group>"; };
		27B8D2661FC3ACE200CCF9C9 /* MediaFactory.h */ = {isa = PBXFileReference; lastKnownFileType = sourcecode.c.h; path = MediaFactory.h; sourceTree = "<group>"; };
		27B8D2671FC3ACE200CCF9C9 /* MediaFactory.m */ = {isa = PBXFileReference; lastKnownFileType = sourcecode.c.objc; path = MediaFactory.m; sourceTree = "<group>"; };
		27B8D26A1FC3ADC600CCF9C9 /* GlobalHeader.pch */ = {isa = PBXFileReference; lastKnownFileType = sourcecode.c.h; path = GlobalHeader.pch; sourceTree = "<group>"; };
		27B8D26C1FC3B05F00CCF9C9 /* MediaExtension.h */ = {isa = PBXFileReference; lastKnownFileType = sourcecode.c.h; path = MediaExtension.h; sourceTree = "<group>"; };
		27B8D26D1FC3B05F00CCF9C9 /* MediaExtension.m */ = {isa = PBXFileReference; lastKnownFileType = sourcecode.c.objc; path = MediaExtension.m; sourceTree = "<group>"; };
		27B8D26F1FC3B08100CCF9C9 /* CommonHeader.h */ = {isa = PBXFileReference; lastKnownFileType = sourcecode.c.h; path = CommonHeader.h; sourceTree = "<group>"; };
/* End PBXFileReference section */

/* Begin PBXFrameworksBuildPhase section */
		27B8D2291FC3A62900CCF9C9 /* Frameworks */ = {
			isa = PBXFrameworksBuildPhase;
			buildActionMask = 2147483647;
			files = (
			);
			runOnlyForDeploymentPostprocessing = 0;
		};
		27B8D2411FC3A62900CCF9C9 /* Frameworks */ = {
			isa = PBXFrameworksBuildPhase;
			buildActionMask = 2147483647;
			files = (
			);
			runOnlyForDeploymentPostprocessing = 0;
		};
		27B8D24C1FC3A62900CCF9C9 /* Frameworks */ = {
			isa = PBXFrameworksBuildPhase;
			buildActionMask = 2147483647;
			files = (
			);
			runOnlyForDeploymentPostprocessing = 0;
		};
/* End PBXFrameworksBuildPhase section */

/* Begin PBXGroup section */
		2728CCB81FC4411200331874 /* MediaModel */ = {
			isa = PBXGroup;
			children = (
				2728CCB91FC4412900331874 /* MediaModel.h */,
				2728CCBA1FC4412900331874 /* MediaModel.m */,
			);
			path = MediaModel;
			sourceTree = "<group>";
		};
		2728CCBC1FC4654A00331874 /* MediaCustomView */ = {
			isa = PBXGroup;
			children = (
				2728CCBD1FC4657A00331874 /* MediaProgressHUD.h */,
				2728CCBE1FC4657A00331874 /* MediaProgressHUD.m */,
				27862A491FCE4D0E00DA022F /* MediaGIFImageView.h */,
				27862A4A1FCE4D0E00DA022F /* MediaGIFImageView.m */,
				2760DDEA1FCFE5A70013DD7E /* MediaShiningLabel.h */,
				2760DDEB1FCFE5A70013DD7E /* MediaShiningLabel.m */,
			);
			path = MediaCustomView;
			sourceTree = "<group>";
		};
		2740BA0C1FCAED330000C2BC /* MediaImageViewAndButton */ = {
			isa = PBXGroup;
			children = (
				2740BA0D1FCAED620000C2BC /* MediaButton.h */,
				2740BA0E1FCAED620000C2BC /* MediaButton.m */,
				2720BB6F1FCDA1CD005EE7CE /* MediaImageView.h */,
				2720BB701FCDA1CD005EE7CE /* MediaImageView.m */,
				2720BB721FCDA297005EE7CE /* MediaCacheView.h */,
				2720BB731FCDA297005EE7CE /* MediaCacheView.m */,
				2720BB751FCDA413005EE7CE /* MediaCacheViewHeader.h */,
			);
			path = MediaImageViewAndButton;
			sourceTree = "<group>";
		};
		274ED6BE1FC8FDAA00DB7B1E /* MediaDownloader */ = {
			isa = PBXGroup;
			children = (
				274ED6BF1FC8FDE400DB7B1E /* DataDownloadManager.h */,
				274ED6C01FC8FDE400DB7B1E /* DataDownloadManager.m */,
				274ED6C21FC900AE00DB7B1E /* DataDownloadModel.h */,
				274ED6C31FC900AE00DB7B1E /* DataDownloadModel.m */,
				274ED6C61FC9025100DB7B1E /* DataDownloadProgress.h */,
				274ED6C71FC9025100DB7B1E /* DataDownloadProgress.m */,
				274ED6C51FC9015200DB7B1E /* DataDownloadHeader.h */,
			);
			path = MediaDownloader;
			sourceTree = "<group>";
		};
		2760DDDA1FCF8A9C0013DD7E /* MediaLocalized */ = {
			isa = PBXGroup;
			children = (
				2760DDDB1FCF8AB60013DD7E /* MediaLoalized.h */,
				2760DDDC1FCF8AB60013DD7E /* MediaLocalized.m */,
				2760DDDE1FCF8CAB0013DD7E /* MediaCSVParser.h */,
				2760DDDF1FCF8CAB0013DD7E /* MediaCSVParser.m */,
				2760DDE11FCFAA4A0013DD7E /* source.strings */,
			);
			name = MediaLocalized;
			path = MediaLoalized;
			sourceTree = "<group>";
		};
		2760DDED1FCFE90D0013DD7E /* NoAuthor */ = {
			isa = PBXGroup;
			children = (
				2760DDE71FCFDF450013DD7E /* MediaAuthorityViewController.h */,
				2760DDE81FCFDF450013DD7E /* MediaAuthorityViewController.m */,
			);
			path = NoAuthor;
			sourceTree = "<group>";
		};
		2760DDEE1FCFE9280013DD7E /* Controller */ = {
			isa = PBXGroup;
			children = (
				2760DE751FD039280013DD7E /* LargeImage */,
				2760DE131FD01DAC0013DD7E /* Collection */,
				2760DE0F1FD01B940013DD7E /* 3DTouch */,
				2760DE0B1FD00B960013DD7E /* EditImage */,
				2760DDFF1FCFF58F0013DD7E /* EditVideo */,
				2760DDF81FCFEFAE0013DD7E /* MediaCamera */,
				2760DDED1FCFE90D0013DD7E /* NoAuthor */,
				2760DDEF1FCFE9520013DD7E /* Nav */,
			);
			path = Controller;
			sourceTree = "<group>";
		};
		2760DDEF1FCFE9520013DD7E /* Nav */ = {
			isa = PBXGroup;
			children = (
				27B8D2631FC3AC2800CCF9C9 /* MediaNavgationController.h */,
				27B8D2641FC3AC2800CCF9C9 /* MediaNavgationController.m */,
			);
			path = Nav;
			sourceTree = "<group>";
		};
		2760DDF01FCFE95E0013DD7E /* View */ = {
			isa = PBXGroup;
			children = (
				2760DE6E1FD026AA0013DD7E /* LargeView */,
				2760DE6A1FD0265E0013DD7E /* CollectionCell */,
				2760DE041FCFF6280013DD7E /* Toast */,
				2760DDF71FCFEF980013DD7E /* MediaPlayer */,
				2760DE031FCFF60C0013DD7E /* MediaCollection */,
			);
			path = View;
			sourceTree = "<group>";
		};
		2760DDF71FCFEF980013DD7E /* MediaPlayer */ = {
			isa = PBXGroup;
			children = (
				2760DDF41FCFE9CE0013DD7E /* MediaPlayer.h */,
				2760DDF51FCFE9CE0013DD7E /* MediaPlayer.m */,
			);
			path = MediaPlayer;
			sourceTree = "<group>";
		};
		2760DDF81FCFEFAE0013DD7E /* MediaCamera */ = {
			isa = PBXGroup;
			children = (
				2760DDF91FCFEFEB0013DD7E /* MediaCamera.h */,
				2760DDFA1FCFEFEB0013DD7E /* MediaCamera.m */,
				2760DDFC1FCFF3540013DD7E /* MediaRecordButton.h */,
				2760DDFD1FCFF3540013DD7E /* MediaRecordButton.m */,
				2760DE721FD033120013DD7E /* MediaCameraViewController.h */,
				2760DE731FD033120013DD7E /* MediaCameraViewController.m */,
			);
			path = MediaCamera;
			sourceTree = "<group>";
		};
		2760DDFF1FCFF58F0013DD7E /* EditVideo */ = {
			isa = PBXGroup;
			children = (
				2760DE001FCFF5AC0013DD7E /* MediaEditVideoViewController.h */,
				2760DE011FCFF5AC0013DD7E /* MediaEditVideoViewController.m */,
			);
			path = EditVideo;
			sourceTree = "<group>";
		};
		2760DE031FCFF60C0013DD7E /* MediaCollection */ = {
			isa = PBXGroup;
			children = (
				276257661FC65FE40018500C /* MediaCollectionView.h */,
				276257671FC65FE40018500C /* MediaCollectionView.m */,
			);
			path = MediaCollection;
			sourceTree = "<group>";
		};
		2760DE041FCFF6280013DD7E /* Toast */ = {
			isa = PBXGroup;
			children = (
				2760DE051FCFF64E0013DD7E /* MediaToast.h */,
				2760DE061FCFF64E0013DD7E /* MediaToast.m */,
			);
			path = Toast;
			sourceTree = "<group>";
		};
		2760DE0B1FD00B960013DD7E /* EditImage */ = {
			isa = PBXGroup;
			children = (
				2760DE0C1FD00BAC0013DD7E /* MediaEditImageViewController.h */,
				2760DE0D1FD00BAC0013DD7E /* MediaEditImageViewController.m */,
			);
			path = EditImage;
			sourceTree = "<group>";
		};
		2760DE0F1FD01B940013DD7E /* 3DTouch */ = {
			isa = PBXGroup;
			children = (
				2760DE101FD01BB00013DD7E /* Media3DTouchViewController.h */,
				2760DE111FD01BB00013DD7E /* Media3DTouchViewController.m */,
			);
			path = 3DTouch;
			sourceTree = "<group>";
		};
		2760DE131FD01DAC0013DD7E /* Collection */ = {
			isa = PBXGroup;
			children = (
				2760DE141FD01DD90013DD7E /* MediaCollectionViewController.h */,
				2760DE151FD01DD90013DD7E /* MediaCollectionViewController.m */,
			);
			path = Collection;
			sourceTree = "<group>";
		};
		2760DE171FD024320013DD7E /* MediaResource */ = {
			isa = PBXGroup;
			children = (
				2760DE311FD024760013DD7E /* arrow_down@2x.png */,
				2760DE321FD024760013DD7E /* arrow_down@3x.png */,
				2760DE3A1FD024760013DD7E /* btn_circle@2x.png */,
				2760DE2F1FD024760013DD7E /* btn_circle@3x.png */,
				2760DE1B1FD024740013DD7E /* btn_original_circle.png */,
				2760DE261FD024750013DD7E /* btn_original_circle@2x.png */,
				2760DE3B1FD024760013DD7E /* btn_original_circle@3x.png */,
				2760DE2B1FD024750013DD7E /* btn_rotate.png */,
				2760DE371FD024760013DD7E /* btn_selected.png */,
				2760DE361FD024760013DD7E /* btn_selected@2x.png */,
				2760DE1D1FD024740013DD7E /* btn_selected@3x.png */,
				2760DE2C1FD024750013DD7E /* btn_unselected.png */,
				2760DE2D1FD024750013DD7E /* btn_unselected@2x.png */,
				2760DE391FD024760013DD7E /* btn_unselected@3x.png */,
				2760DE301FD024760013DD7E /* defaultphoto.png */,
				2760DE231FD024740013DD7E /* focus@2x.png */,
				2760DE221FD024740013DD7E /* focus@3x.png */,
				2760DE3D1FD024760013DD7E /* ic_left@2x.png */,
				2760DE211FD024740013DD7E /* ic_left@3x.png */,
				2760DE2E1FD024760013DD7E /* ic_right@2x.png */,
				2760DE291FD024750013DD7E /* ic_right@3x.png */,
				2760DE2A1FD024750013DD7E /* livePhoto@2x.png */,
				2760DE181FD024740013DD7E /* livePhoto@3x.png */,
				2760DE351FD024760013DD7E /* lock.png */,
				2760DE381FD024760013DD7E /* navBackBtn@2x.png */,
				2760DE281FD024750013DD7E /* playVideo@2x.png */,
				2760DE341FD024760013DD7E /* playVideo@3x.png */,
				2760DE271FD024750013DD7E /* retake@2x.png */,
				2760DE3C1FD024760013DD7E /* retake@3x.png */,
				2760DE241FD024750013DD7E /* takeok@2x.png */,
				2760DE401FD024760013DD7E /* takeok@3x.png */,
				2760DE1C1FD024740013DD7E /* takePhoto@2x.png */,
				2760DE1E1FD024740013DD7E /* takePhoto@3x.png */,
				2760DE201FD024740013DD7E /* toggle_camera@2x.png */,
				2760DE3E1FD024760013DD7E /* toggle_camera@3x.png */,
				2760DE191FD024740013DD7E /* video@2x.png */,
				2760DE251FD024750013DD7E /* video@3x.png */,
				2760DE3F1FD024760013DD7E /* videoLoadFailed@2x.png */,
				2760DE331FD024760013DD7E /* videoLoadFailed@3x.png */,
				2760DE1A1FD024740013DD7E /* videoView@2x.png */,
				2760DE1F1FD024740013DD7E /* videoView@3x.png */,
			);
			path = MediaResource;
			sourceTree = "<group>";
		};
		2760DE6A1FD0265E0013DD7E /* CollectionCell */ = {
			isa = PBXGroup;
			children = (
				2760DE6B1FD0267A0013DD7E /* MediaCollectionCell.h */,
				2760DE6C1FD0267A0013DD7E /* MediaCollectionCell.m */,
			);
			path = CollectionCell;
			sourceTree = "<group>";
		};
		2760DE6E1FD026AA0013DD7E /* LargeView */ = {
			isa = PBXGroup;
			children = (
				2760DE6F1FD026F60013DD7E /* MediaLargeImageCell.h */,
				2760DE701FD026F60013DD7E /* MediaLargeImageCell.m */,
			);
			path = LargeView;
			sourceTree = "<group>";
		};
		2760DE751FD039280013DD7E /* LargeImage */ = {
			isa = PBXGroup;
			children = (
				2760DE761FD039410013DD7E /* MediaLargeImageViewController.h */,
				2760DE771FD039410013DD7E /* MediaLargeImageViewController.m */,
			);
			path = LargeImage;
			sourceTree = "<group>";
		};
		27862A4C1FCE58BE00DA022F /* MediaSourceCache */ = {
			isa = PBXGroup;
			children = (
				27862A4D1FCE58DB00DA022F /* MediaSourceCache.h */,
				27862A4E1FCE58DB00DA022F /* MediaSourceCache.m */,
			);
			path = MediaSourceCache;
			sourceTree = "<group>";
		};
		27862A501FCE6CF400DA022F /* MediaTool */ = {
			isa = PBXGroup;
			children = (
				2728CCC31FC468E800331874 /* MediaTool.h */,
				2728CCC41FC468E800331874 /* MediaTool.m */,
				27862A561FCE7F1A00DA022F /* MediaPhoto */,
				27B8D2621FC3A69800CCF9C9 /* MediaPicker */,
			);
			path = MediaTool;
			sourceTree = "<group>";
		};
		27862A511FCE6CFF00DA022F /* MediaStyle */ = {
			isa = PBXGroup;
			children = (
				2728CCC01FC466C900331874 /* MediaStyle.h */,
				2728CCC11FC466C900331874 /* MediaStyle.m */,
			);
			path = MediaStyle;
			sourceTree = "<group>";
		};
		27862A561FCE7F1A00DA022F /* MediaPhoto */ = {
			isa = PBXGroup;
			children = (
				27862A571FCE7F3200DA022F /* MediaPhoto.h */,
				27862A581FCE7F3200DA022F /* MediaPhoto.m */,
			);
			path = MediaPhoto;
			sourceTree = "<group>";
		};
		27B8D2231FC3A62900CCF9C9 = {
			isa = PBXGroup;
			children = (
				27B8D22E1FC3A62900CCF9C9 /* MediaFacotry */,
				27B8D2471FC3A62900CCF9C9 /* MediaFacotryTests */,
				27B8D2521FC3A62900CCF9C9 /* MediaFacotryUITests */,
				27B8D22D1FC3A62900CCF9C9 /* Products */,
			);
			sourceTree = "<group>";
		};
		27B8D22D1FC3A62900CCF9C9 /* Products */ = {
			isa = PBXGroup;
			children = (
				27B8D22C1FC3A62900CCF9C9 /* MediaFacotry.app */,
				27B8D2441FC3A62900CCF9C9 /* MediaFacotryTests.xctest */,
				27B8D24F1FC3A62900CCF9C9 /* MediaFacotryUITests.xctest */,
			);
			name = Products;
			sourceTree = "<group>";
		};
		27B8D22E1FC3A62900CCF9C9 /* MediaFacotry */ = {
			isa = PBXGroup;
			children = (
				27B8D2611FC3A63500CCF9C9 /* MediaFacotry */,
				27B8D22F1FC3A62900CCF9C9 /* AppDelegate.h */,
				27B8D2301FC3A62900CCF9C9 /* AppDelegate.m */,
				27B8D2321FC3A62900CCF9C9 /* ViewController.h */,
				27B8D2331FC3A62900CCF9C9 /* ViewController.m */,
				2720BB6D1FCD8E49005EE7CE /* defaultImage.png */,
				27B8D2351FC3A62900CCF9C9 /* Main.storyboard */,
				27B8D2381FC3A62900CCF9C9 /* Assets.xcassets */,
				27B8D23A1FC3A62900CCF9C9 /* LaunchScreen.storyboard */,
				27B8D23D1FC3A62900CCF9C9 /* Info.plist */,
				27B8D23E1FC3A62900CCF9C9 /* main.m */,
				27B8D26A1FC3ADC600CCF9C9 /* GlobalHeader.pch */,
			);
			path = MediaFacotry;
			sourceTree = "<group>";
		};
		27B8D2471FC3A62900CCF9C9 /* MediaFacotryTests */ = {
			isa = PBXGroup;
			children = (
				27B8D2481FC3A62900CCF9C9 /* MediaFacotryTests.m */,
				27B8D24A1FC3A62900CCF9C9 /* Info.plist */,
			);
			path = MediaFacotryTests;
			sourceTree = "<group>";
		};
		27B8D2521FC3A62900CCF9C9 /* MediaFacotryUITests */ = {
			isa = PBXGroup;
			children = (
				27B8D2531FC3A62900CCF9C9 /* MediaFacotryUITests.m */,
				27B8D2551FC3A62900CCF9C9 /* Info.plist */,
			);
			path = MediaFacotryUITests;
			sourceTree = "<group>";
		};
		27B8D2611FC3A63500CCF9C9 /* MediaFacotry */ = {
			isa = PBXGroup;
			children = (
				27B8D26F1FC3B08100CCF9C9 /* CommonHeader.h */,
				2760DDE31FCFD10F0013DD7E /* EnumHeader.h */,
				27B8D2661FC3ACE200CCF9C9 /* MediaFactory.h */,
				27B8D2671FC3ACE200CCF9C9 /* MediaFactory.m */,
				2760DE171FD024320013DD7E /* MediaResource */,
				2760DDDA1FCF8A9C0013DD7E /* MediaLocalized */,
				27862A4C1FCE58BE00DA022F /* MediaSourceCache */,
				2740BA0C1FCAED330000C2BC /* MediaImageViewAndButton */,
				274ED6BE1FC8FDAA00DB7B1E /* MediaDownloader */,
				2728CCBC1FC4654A00331874 /* MediaCustomView */,
				27B8D26B1FC3B04600CCF9C9 /* MediaExtension */,
				27862A511FCE6CFF00DA022F /* MediaStyle */,
				27862A501FCE6CF400DA022F /* MediaTool */,
			);
			path = MediaFacotry;
			sourceTree = "<group>";
		};
		27B8D2621FC3A69800CCF9C9 /* MediaPicker */ = {
			isa = PBXGroup;
			children = (
				2728CCB81FC4411200331874 /* MediaModel */,
				2760DDF01FCFE95E0013DD7E /* View */,
				2760DDEE1FCFE9280013DD7E /* Controller */,
			);
			path = MediaPicker;
			sourceTree = "<group>";
		};
		27B8D26B1FC3B04600CCF9C9 /* MediaExtension */ = {
			isa = PBXGroup;
			children = (
				27B8D26C1FC3B05F00CCF9C9 /* MediaExtension.h */,
				27B8D26D1FC3B05F00CCF9C9 /* MediaExtension.m */,
			);
			path = MediaExtension;
			sourceTree = "<group>";
		};
/* End PBXGroup section */

/* Begin PBXNativeTarget section */
		27B8D22B1FC3A62900CCF9C9 /* MediaFacotry */ = {
			isa = PBXNativeTarget;
			buildConfigurationList = 27B8D2581FC3A62900CCF9C9 /* Build configuration list for PBXNativeTarget "MediaFacotry" */;
			buildPhases = (
				27B8D2281FC3A62900CCF9C9 /* Sources */,
				27B8D2291FC3A62900CCF9C9 /* Frameworks */,
				27B8D22A1FC3A62900CCF9C9 /* Resources */,
			);
			buildRules = (
			);
			dependencies = (
			);
			name = MediaFacotry;
			productName = MediaFacotry;
			productReference = 27B8D22C1FC3A62900CCF9C9 /* MediaFacotry.app */;
			productType = "com.apple.product-type.application";
		};
		27B8D2431FC3A62900CCF9C9 /* MediaFacotryTests */ = {
			isa = PBXNativeTarget;
			buildConfigurationList = 27B8D25B1FC3A62900CCF9C9 /* Build configuration list for PBXNativeTarget "MediaFacotryTests" */;
			buildPhases = (
				27B8D2401FC3A62900CCF9C9 /* Sources */,
				27B8D2411FC3A62900CCF9C9 /* Frameworks */,
				27B8D2421FC3A62900CCF9C9 /* Resources */,
			);
			buildRules = (
			);
			dependencies = (
				27B8D2461FC3A62900CCF9C9 /* PBXTargetDependency */,
			);
			name = MediaFacotryTests;
			productName = MediaFacotryTests;
			productReference = 27B8D2441FC3A62900CCF9C9 /* MediaFacotryTests.xctest */;
			productType = "com.apple.product-type.bundle.unit-test";
		};
		27B8D24E1FC3A62900CCF9C9 /* MediaFacotryUITests */ = {
			isa = PBXNativeTarget;
			buildConfigurationList = 27B8D25E1FC3A62900CCF9C9 /* Build configuration list for PBXNativeTarget "MediaFacotryUITests" */;
			buildPhases = (
				27B8D24B1FC3A62900CCF9C9 /* Sources */,
				27B8D24C1FC3A62900CCF9C9 /* Frameworks */,
				27B8D24D1FC3A62900CCF9C9 /* Resources */,
			);
			buildRules = (
			);
			dependencies = (
				27B8D2511FC3A62900CCF9C9 /* PBXTargetDependency */,
			);
			name = MediaFacotryUITests;
			productName = MediaFacotryUITests;
			productReference = 27B8D24F1FC3A62900CCF9C9 /* MediaFacotryUITests.xctest */;
			productType = "com.apple.product-type.bundle.ui-testing";
		};
/* End PBXNativeTarget section */

/* Begin PBXProject section */
		27B8D2241FC3A62900CCF9C9 /* Project object */ = {
			isa = PBXProject;
			attributes = {
				LastUpgradeCheck = 0900;
				ORGANIZATIONNAME = HM;
				TargetAttributes = {
					27B8D22B1FC3A62900CCF9C9 = {
						CreatedOnToolsVersion = 9.0;
						ProvisioningStyle = Automatic;
					};
					27B8D2431FC3A62900CCF9C9 = {
						CreatedOnToolsVersion = 9.0;
						ProvisioningStyle = Automatic;
						TestTargetID = 27B8D22B1FC3A62900CCF9C9;
					};
					27B8D24E1FC3A62900CCF9C9 = {
						CreatedOnToolsVersion = 9.0;
						ProvisioningStyle = Automatic;
						TestTargetID = 27B8D22B1FC3A62900CCF9C9;
					};
				};
			};
			buildConfigurationList = 27B8D2271FC3A62900CCF9C9 /* Build configuration list for PBXProject "MediaFacotry" */;
			compatibilityVersion = "Xcode 8.0";
			developmentRegion = en;
			hasScannedForEncodings = 0;
			knownRegions = (
				en,
				Base,
			);
			mainGroup = 27B8D2231FC3A62900CCF9C9;
			productRefGroup = 27B8D22D1FC3A62900CCF9C9 /* Products */;
			projectDirPath = "";
			projectRoot = "";
			targets = (
				27B8D22B1FC3A62900CCF9C9 /* MediaFacotry */,
				27B8D2431FC3A62900CCF9C9 /* MediaFacotryTests */,
				27B8D24E1FC3A62900CCF9C9 /* MediaFacotryUITests */,
			);
		};
/* End PBXProject section */

/* Begin PBXResourcesBuildPhase section */
		27B8D22A1FC3A62900CCF9C9 /* Resources */ = {
			isa = PBXResourcesBuildPhase;
			buildActionMask = 2147483647;
			files = (
				2760DE451FD024760013DD7E /* takePhoto@2x.png in Resources */,
				2760DE471FD024760013DD7E /* takePhoto@3x.png in Resources */,
				2760DE591FD024760013DD7E /* defaultphoto.png in Resources */,
				2760DE411FD024760013DD7E /* livePhoto@3x.png in Resources */,
				2760DE501FD024760013DD7E /* retake@2x.png in Resources */,
				2760DE551FD024760013DD7E /* btn_unselected.png in Resources */,
				2760DE601FD024760013DD7E /* btn_selected.png in Resources */,
				2760DE661FD024760013DD7E /* ic_left@2x.png in Resources */,
				2760DE5E1FD024760013DD7E /* lock.png in Resources */,
				2760DE571FD024760013DD7E /* ic_right@2x.png in Resources */,
				2760DE641FD024760013DD7E /* btn_original_circle@3x.png in Resources */,
				2760DE5F1FD024760013DD7E /* btn_selected@2x.png in Resources */,
				27B8D23C1FC3A62900CCF9C9 /* LaunchScreen.storyboard in Resources */,
				2760DE631FD024760013DD7E /* btn_circle@2x.png in Resources */,
				2760DE461FD024760013DD7E /* btn_selected@3x.png in Resources */,
				2760DE561FD024760013DD7E /* btn_unselected@2x.png in Resources */,
				2760DE651FD024760013DD7E /* retake@3x.png in Resources */,
				2760DE511FD024760013DD7E /* playVideo@2x.png in Resources */,
				2760DE5C1FD024760013DD7E /* videoLoadFailed@3x.png in Resources */,
				2760DE4E1FD024760013DD7E /* video@3x.png in Resources */,
				27B8D2391FC3A62900CCF9C9 /* Assets.xcassets in Resources */,
				2760DE541FD024760013DD7E /* btn_rotate.png in Resources */,
				2760DE441FD024760013DD7E /* btn_original_circle.png in Resources */,
				2760DE4C1FD024760013DD7E /* focus@2x.png in Resources */,
				2760DE671FD024760013DD7E /* toggle_camera@3x.png in Resources */,
				2760DE491FD024760013DD7E /* toggle_camera@2x.png in Resources */,
				2760DE691FD024760013DD7E /* takeok@3x.png in Resources */,
				2760DE5B1FD024760013DD7E /* arrow_down@3x.png in Resources */,
				2760DE4D1FD024760013DD7E /* takeok@2x.png in Resources */,
				2760DE421FD024760013DD7E /* video@2x.png in Resources */,
				2760DE5D1FD024760013DD7E /* playVideo@3x.png in Resources */,
				2760DDE21FCFAA4A0013DD7E /* source.strings in Resources */,
				2760DE681FD024760013DD7E /* videoLoadFailed@2x.png in Resources */,
				2760DE581FD024760013DD7E /* btn_circle@3x.png in Resources */,
				2760DE531FD024760013DD7E /* livePhoto@2x.png in Resources */,
				2760DE611FD024760013DD7E /* navBackBtn@2x.png in Resources */,
				2760DE521FD024760013DD7E /* ic_right@3x.png in Resources */,
				2760DE4B1FD024760013DD7E /* focus@3x.png in Resources */,
				27B8D2371FC3A62900CCF9C9 /* Main.storyboard in Resources */,
				2720BB6E1FCD8E49005EE7CE /* defaultImage.png in Resources */,
				2760DE4F1FD024760013DD7E /* btn_original_circle@2x.png in Resources */,
				2760DE621FD024760013DD7E /* btn_unselected@3x.png in Resources */,
				2760DE431FD024760013DD7E /* videoView@2x.png in Resources */,
				2760DE4A1FD024760013DD7E /* ic_left@3x.png in Resources */,
				2760DE481FD024760013DD7E /* videoView@3x.png in Resources */,
				2760DE5A1FD024760013DD7E /* arrow_down@2x.png in Resources */,
			);
			runOnlyForDeploymentPostprocessing = 0;
		};
		27B8D2421FC3A62900CCF9C9 /* Resources */ = {
			isa = PBXResourcesBuildPhase;
			buildActionMask = 2147483647;
			files = (
			);
			runOnlyForDeploymentPostprocessing = 0;
		};
		27B8D24D1FC3A62900CCF9C9 /* Resources */ = {
			isa = PBXResourcesBuildPhase;
			buildActionMask = 2147483647;
			files = (
			);
			runOnlyForDeploymentPostprocessing = 0;
		};
/* End PBXResourcesBuildPhase section */

/* Begin PBXSourcesBuildPhase section */
		27B8D2281FC3A62900CCF9C9 /* Sources */ = {
			isa = PBXSourcesBuildPhase;
			buildActionMask = 2147483647;
			files = (
				2760DE711FD026F60013DD7E /* MediaLargeImageCell.m in Sources */,
				2760DDFE1FCFF3540013DD7E /* MediaRecordButton.m in Sources */,
				2728CCC21FC466C900331874 /* MediaStyle.m in Sources */,
				2760DE6D1FD0267A0013DD7E /* MediaCollectionCell.m in Sources */,
				27862A591FCE7F3200DA022F /* MediaPhoto.m in Sources */,
				2760DE121FD01BB00013DD7E /* Media3DTouchViewController.m in Sources */,
				27B8D26E1FC3B05F00CCF9C9 /* MediaExtension.m in Sources */,
				2760DE781FD039410013DD7E /* MediaLargeImageViewController.m in Sources */,
				2760DE161FD01DD90013DD7E /* MediaCollectionViewController.m in Sources */,
				274ED6C81FC9025100DB7B1E /* DataDownloadProgress.m in Sources */,
				2728CCBB1FC4412900331874 /* MediaModel.m in Sources */,
				2760DE741FD033120013DD7E /* MediaCameraViewController.m in Sources */,
				2760DDE01FCF8CAB0013DD7E /* MediaCSVParser.m in Sources */,
				27862A4F1FCE58DB00DA022F /* MediaSourceCache.m in Sources */,
				27B8D2651FC3AC2800CCF9C9 /* MediaNavgationController.m in Sources */,
				2740BA0F1FCAED620000C2BC /* MediaButton.m in Sources */,
				274ED6C11FC8FDE400DB7B1E /* DataDownloadManager.m in Sources */,
				2760DDDD1FCF8AB60013DD7E /* MediaLocalized.m in Sources */,
				2760DDF61FCFE9CE0013DD7E /* MediaPlayer.m in Sources */,
				2760DE021FCFF5AC0013DD7E /* MediaEditVideoViewController.m in Sources */,
				2728CCBF1FC4657A00331874 /* MediaProgressHUD.m in Sources */,
				27B8D2681FC3ACE200CCF9C9 /* MediaFactory.m in Sources */,
				2720BB711FCDA1CD005EE7CE /* MediaImageView.m in Sources */,
				2760DDE91FCFDF450013DD7E /* MediaAuthorityViewController.m in Sources */,
				274ED6C41FC900AE00DB7B1E /* DataDownloadModel.m in Sources */,
				276257681FC65FE40018500C /* MediaCollectionView.m in Sources */,
				27862A4B1FCE4D0E00DA022F /* MediaGIFImageView.m in Sources */,
				27B8D2341FC3A62900CCF9C9 /* ViewController.m in Sources */,
				27B8D23F1FC3A62900CCF9C9 /* main.m in Sources */,
				2760DE0E1FD00BAC0013DD7E /* MediaEditImageViewController.m in Sources */,
				2728CCC51FC468E800331874 /* MediaTool.m in Sources */,
				2760DE071FCFF64E0013DD7E /* MediaToast.m in Sources */,
				27B8D2311FC3A62900CCF9C9 /* AppDelegate.m in Sources */,
				2760DDFB1FCFEFEB0013DD7E /* MediaCamera.m in Sources */,
				2760DDEC1FCFE5A70013DD7E /* MediaShiningLabel.m in Sources */,
				2720BB741FCDA297005EE7CE /* MediaCacheView.m in Sources */,
			);
			runOnlyForDeploymentPostprocessing = 0;
		};
		27B8D2401FC3A62900CCF9C9 /* Sources */ = {
			isa = PBXSourcesBuildPhase;
			buildActionMask = 2147483647;
			files = (
				27B8D2491FC3A62900CCF9C9 /* MediaFacotryTests.m in Sources */,
			);
			runOnlyForDeploymentPostprocessing = 0;
		};
		27B8D24B1FC3A62900CCF9C9 /* Sources */ = {
			isa = PBXSourcesBuildPhase;
			buildActionMask = 2147483647;
			files = (
				27B8D2541FC3A62900CCF9C9 /* MediaFacotryUITests.m in Sources */,
			);
			runOnlyForDeploymentPostprocessing = 0;
		};
/* End PBXSourcesBuildPhase section */

/* Begin PBXTargetDependency section */
		27B8D2461FC3A62900CCF9C9 /* PBXTargetDependency */ = {
			isa = PBXTargetDependency;
			target = 27B8D22B1FC3A62900CCF9C9 /* MediaFacotry */;
			targetProxy = 27B8D2451FC3A62900CCF9C9 /* PBXContainerItemProxy */;
		};
		27B8D2511FC3A62900CCF9C9 /* PBXTargetDependency */ = {
			isa = PBXTargetDependency;
			target = 27B8D22B1FC3A62900CCF9C9 /* MediaFacotry */;
			targetProxy = 27B8D2501FC3A62900CCF9C9 /* PBXContainerItemProxy */;
		};
/* End PBXTargetDependency section */

/* Begin PBXVariantGroup section */
		27B8D2351FC3A62900CCF9C9 /* Main.storyboard */ = {
			isa = PBXVariantGroup;
			children = (
				27B8D2361FC3A62900CCF9C9 /* Base */,
			);
			name = Main.storyboard;
			sourceTree = "<group>";
		};
		27B8D23A1FC3A62900CCF9C9 /* LaunchScreen.storyboard */ = {
			isa = PBXVariantGroup;
			children = (
				27B8D23B1FC3A62900CCF9C9 /* Base */,
			);
			name = LaunchScreen.storyboard;
			sourceTree = "<group>";
		};
/* End PBXVariantGroup section */

/* Begin XCBuildConfiguration section */
		27B8D2561FC3A62900CCF9C9 /* Debug */ = {
			isa = XCBuildConfiguration;
			buildSettings = {
				ALWAYS_SEARCH_USER_PATHS = NO;
				CLANG_ANALYZER_NONNULL = YES;
				CLANG_ANALYZER_NUMBER_OBJECT_CONVERSION = YES_AGGRESSIVE;
				CLANG_CXX_LANGUAGE_STANDARD = "gnu++14";
				CLANG_CXX_LIBRARY = "libc++";
				CLANG_ENABLE_MODULES = YES;
				CLANG_ENABLE_OBJC_ARC = YES;
				CLANG_WARN_BLOCK_CAPTURE_AUTORELEASING = YES;
				CLANG_WARN_BOOL_CONVERSION = YES;
				CLANG_WARN_COMMA = YES;
				CLANG_WARN_CONSTANT_CONVERSION = YES;
				CLANG_WARN_DIRECT_OBJC_ISA_USAGE = YES_ERROR;
				CLANG_WARN_DOCUMENTATION_COMMENTS = YES;
				CLANG_WARN_EMPTY_BODY = YES;
				CLANG_WARN_ENUM_CONVERSION = YES;
				CLANG_WARN_INFINITE_RECURSION = YES;
				CLANG_WARN_INT_CONVERSION = YES;
				CLANG_WARN_NON_LITERAL_NULL_CONVERSION = YES;
				CLANG_WARN_OBJC_LITERAL_CONVERSION = YES;
				CLANG_WARN_OBJC_ROOT_CLASS = YES_ERROR;
				CLANG_WARN_RANGE_LOOP_ANALYSIS = YES;
				CLANG_WARN_STRICT_PROTOTYPES = YES;
				CLANG_WARN_SUSPICIOUS_MOVE = YES;
				CLANG_WARN_UNGUARDED_AVAILABILITY = YES_AGGRESSIVE;
				CLANG_WARN_UNREACHABLE_CODE = YES;
				CLANG_WARN__DUPLICATE_METHOD_MATCH = YES;
				CODE_SIGN_IDENTITY = "iPhone Developer";
				COPY_PHASE_STRIP = NO;
				DEBUG_INFORMATION_FORMAT = dwarf;
				ENABLE_STRICT_OBJC_MSGSEND = YES;
				ENABLE_TESTABILITY = YES;
				GCC_C_LANGUAGE_STANDARD = gnu11;
				GCC_DYNAMIC_NO_PIC = NO;
				GCC_NO_COMMON_BLOCKS = YES;
				GCC_OPTIMIZATION_LEVEL = 0;
				GCC_PREPROCESSOR_DEFINITIONS = (
					"DEBUG=1",
					"$(inherited)",
				);
				GCC_WARN_64_TO_32_BIT_CONVERSION = YES;
				GCC_WARN_ABOUT_RETURN_TYPE = YES_ERROR;
				GCC_WARN_UNDECLARED_SELECTOR = YES;
				GCC_WARN_UNINITIALIZED_AUTOS = YES_AGGRESSIVE;
				GCC_WARN_UNUSED_FUNCTION = YES;
				GCC_WARN_UNUSED_VARIABLE = YES;
				IPHONEOS_DEPLOYMENT_TARGET = 11.0;
				MTL_ENABLE_DEBUG_INFO = YES;
				ONLY_ACTIVE_ARCH = YES;
				SDKROOT = iphoneos;
			};
			name = Debug;
		};
		27B8D2571FC3A62900CCF9C9 /* Release */ = {
			isa = XCBuildConfiguration;
			buildSettings = {
				ALWAYS_SEARCH_USER_PATHS = NO;
				CLANG_ANALYZER_NONNULL = YES;
				CLANG_ANALYZER_NUMBER_OBJECT_CONVERSION = YES_AGGRESSIVE;
				CLANG_CXX_LANGUAGE_STANDARD = "gnu++14";
				CLANG_CXX_LIBRARY = "libc++";
				CLANG_ENABLE_MODULES = YES;
				CLANG_ENABLE_OBJC_ARC = YES;
				CLANG_WARN_BLOCK_CAPTURE_AUTORELEASING = YES;
				CLANG_WARN_BOOL_CONVERSION = YES;
				CLANG_WARN_COMMA = YES;
				CLANG_WARN_CONSTANT_CONVERSION = YES;
				CLANG_WARN_DIRECT_OBJC_ISA_USAGE = YES_ERROR;
				CLANG_WARN_DOCUMENTATION_COMMENTS = YES;
				CLANG_WARN_EMPTY_BODY = YES;
				CLANG_WARN_ENUM_CONVERSION = YES;
				CLANG_WARN_INFINITE_RECURSION = YES;
				CLANG_WARN_INT_CONVERSION = YES;
				CLANG_WARN_NON_LITERAL_NULL_CONVERSION = YES;
				CLANG_WARN_OBJC_LITERAL_CONVERSION = YES;
				CLANG_WARN_OBJC_ROOT_CLASS = YES_ERROR;
				CLANG_WARN_RANGE_LOOP_ANALYSIS = YES;
				CLANG_WARN_STRICT_PROTOTYPES = YES;
				CLANG_WARN_SUSPICIOUS_MOVE = YES;
				CLANG_WARN_UNGUARDED_AVAILABILITY = YES_AGGRESSIVE;
				CLANG_WARN_UNREACHABLE_CODE = YES;
				CLANG_WARN__DUPLICATE_METHOD_MATCH = YES;
				CODE_SIGN_IDENTITY = "iPhone Developer";
				COPY_PHASE_STRIP = NO;
				DEBUG_INFORMATION_FORMAT = "dwarf-with-dsym";
				ENABLE_NS_ASSERTIONS = NO;
				ENABLE_STRICT_OBJC_MSGSEND = YES;
				GCC_C_LANGUAGE_STANDARD = gnu11;
				GCC_NO_COMMON_BLOCKS = YES;
				GCC_WARN_64_TO_32_BIT_CONVERSION = YES;
				GCC_WARN_ABOUT_RETURN_TYPE = YES_ERROR;
				GCC_WARN_UNDECLARED_SELECTOR = YES;
				GCC_WARN_UNINITIALIZED_AUTOS = YES_AGGRESSIVE;
				GCC_WARN_UNUSED_FUNCTION = YES;
				GCC_WARN_UNUSED_VARIABLE = YES;
				IPHONEOS_DEPLOYMENT_TARGET = 11.0;
				MTL_ENABLE_DEBUG_INFO = NO;
				SDKROOT = iphoneos;
				VALIDATE_PRODUCT = YES;
			};
			name = Release;
		};
		27B8D2591FC3A62900CCF9C9 /* Debug */ = {
			isa = XCBuildConfiguration;
			buildSettings = {
				ASSETCATALOG_COMPILER_APPICON_NAME = AppIcon;
				CODE_SIGN_STYLE = Automatic;
				DEVELOPMENT_TEAM = MA75X9QV5V;
				GCC_PRECOMPILE_PREFIX_HEADER = YES;
				GCC_PREFIX_HEADER = "$(SRCROOT)/MediaFacotry/GlobalHeader.pch";
				INFOPLIST_FILE = MediaFacotry/Info.plist;
				IPHONEOS_DEPLOYMENT_TARGET = 8.0;
				LD_RUNPATH_SEARCH_PATHS = "$(inherited) @executable_path/Frameworks";
				PRODUCT_BUNDLE_IDENTIFIER = com.HM.MediaFacotry;
				PRODUCT_NAME = "$(TARGET_NAME)";
				TARGETED_DEVICE_FAMILY = "1,2";
			};
			name = Debug;
		};
		27B8D25A1FC3A62900CCF9C9 /* Release */ = {
			isa = XCBuildConfiguration;
			buildSettings = {
				ASSETCATALOG_COMPILER_APPICON_NAME = AppIcon;
				CODE_SIGN_STYLE = Automatic;
				DEVELOPMENT_TEAM = MA75X9QV5V;
				GCC_PRECOMPILE_PREFIX_HEADER = YES;
				GCC_PREFIX_HEADER = "$(SRCROOT)/MediaFacotry/GlobalHeader.pch";
				INFOPLIST_FILE = MediaFacotry/Info.plist;
				IPHONEOS_DEPLOYMENT_TARGET = 8.0;
				LD_RUNPATH_SEARCH_PATHS = "$(inherited) @executable_path/Frameworks";
				PRODUCT_BUNDLE_IDENTIFIER = com.HM.MediaFacotry;
				PRODUCT_NAME = "$(TARGET_NAME)";
				TARGETED_DEVICE_FAMILY = "1,2";
			};
			name = Release;
		};
		27B8D25C1FC3A62900CCF9C9 /* Debug */ = {
			isa = XCBuildConfiguration;
			buildSettings = {
				BUNDLE_LOADER = "$(TEST_HOST)";
				CODE_SIGN_STYLE = Automatic;
				DEVELOPMENT_TEAM = MA75X9QV5V;
				INFOPLIST_FILE = MediaFacotryTests/Info.plist;
				LD_RUNPATH_SEARCH_PATHS = "$(inherited) @executable_path/Frameworks @loader_path/Frameworks";
				PRODUCT_BUNDLE_IDENTIFIER = com.HM.MediaFacotryTests;
				PRODUCT_NAME = "$(TARGET_NAME)";
				TARGETED_DEVICE_FAMILY = "1,2";
				TEST_HOST = "$(BUILT_PRODUCTS_DIR)/MediaFacotry.app/MediaFacotry";
			};
			name = Debug;
		};
		27B8D25D1FC3A62900CCF9C9 /* Release */ = {
			isa = XCBuildConfiguration;
			buildSettings = {
				BUNDLE_LOADER = "$(TEST_HOST)";
				CODE_SIGN_STYLE = Automatic;
				DEVELOPMENT_TEAM = MA75X9QV5V;
				INFOPLIST_FILE = MediaFacotryTests/Info.plist;
				LD_RUNPATH_SEARCH_PATHS = "$(inherited) @executable_path/Frameworks @loader_path/Frameworks";
				PRODUCT_BUNDLE_IDENTIFIER = com.HM.MediaFacotryTests;
				PRODUCT_NAME = "$(TARGET_NAME)";
				TARGETED_DEVICE_FAMILY = "1,2";
				TEST_HOST = "$(BUILT_PRODUCTS_DIR)/MediaFacotry.app/MediaFacotry";
			};
			name = Release;
		};
		27B8D25F1FC3A62900CCF9C9 /* Debug */ = {
			isa = XCBuildConfiguration;
			buildSettings = {
				CODE_SIGN_STYLE = Automatic;
				DEVELOPMENT_TEAM = MA75X9QV5V;
				INFOPLIST_FILE = MediaFacotryUITests/Info.plist;
				LD_RUNPATH_SEARCH_PATHS = "$(inherited) @executable_path/Frameworks @loader_path/Frameworks";
				PRODUCT_BUNDLE_IDENTIFIER = com.HM.MediaFacotryUITests;
				PRODUCT_NAME = "$(TARGET_NAME)";
				TARGETED_DEVICE_FAMILY = "1,2";
				TEST_TARGET_NAME = MediaFacotry;
			};
			name = Debug;
		};
		27B8D2601FC3A62900CCF9C9 /* Release */ = {
			isa = XCBuildConfiguration;
			buildSettings = {
				CODE_SIGN_STYLE = Automatic;
				DEVELOPMENT_TEAM = MA75X9QV5V;
				INFOPLIST_FILE = MediaFacotryUITests/Info.plist;
				LD_RUNPATH_SEARCH_PATHS = "$(inherited) @executable_path/Frameworks @loader_path/Frameworks";
				PRODUCT_BUNDLE_IDENTIFIER = com.HM.MediaFacotryUITests;
				PRODUCT_NAME = "$(TARGET_NAME)";
				TARGETED_DEVICE_FAMILY = "1,2";
				TEST_TARGET_NAME = MediaFacotry;
			};
			name = Release;
		};
/* End XCBuildConfiguration section */

/* Begin XCConfigurationList section */
		27B8D2271FC3A62900CCF9C9 /* Build configuration list for PBXProject "MediaFacotry" */ = {
			isa = XCConfigurationList;
			buildConfigurations = (
				27B8D2561FC3A62900CCF9C9 /* Debug */,
				27B8D2571FC3A62900CCF9C9 /* Release */,
			);
			defaultConfigurationIsVisible = 0;
			defaultConfigurationName = Release;
		};
		27B8D2581FC3A62900CCF9C9 /* Build configuration list for PBXNativeTarget "MediaFacotry" */ = {
			isa = XCConfigurationList;
			buildConfigurations = (
				27B8D2591FC3A62900CCF9C9 /* Debug */,
				27B8D25A1FC3A62900CCF9C9 /* Release */,
			);
			defaultConfigurationIsVisible = 0;
			defaultConfigurationName = Release;
		};
		27B8D25B1FC3A62900CCF9C9 /* Build configuration list for PBXNativeTarget "MediaFacotryTests" */ = {
			isa = XCConfigurationList;
			buildConfigurations = (
				27B8D25C1FC3A62900CCF9C9 /* Debug */,
				27B8D25D1FC3A62900CCF9C9 /* Release */,
			);
			defaultConfigurationIsVisible = 0;
			defaultConfigurationName = Release;
		};
		27B8D25E1FC3A62900CCF9C9 /* Build configuration list for PBXNativeTarget "MediaFacotryUITests" */ = {
			isa = XCConfigurationList;
			buildConfigurations = (
				27B8D25F1FC3A62900CCF9C9 /* Debug */,
				27B8D2601FC3A62900CCF9C9 /* Release */,
			);
			defaultConfigurationIsVisible = 0;
			defaultConfigurationName = Release;
		};
/* End XCConfigurationList section */
	};
	rootObject = 27B8D2241FC3A62900CCF9C9 /* Project object */;
}
